// !$*UTF8*$!
{
	archiveVersion = 1;
	classes = {
	};
	objectVersion = 56;
	objects = {

/* Begin PBXBuildFile section */
		3A0BB5A62B68A3A5008C616E /* StepDataViewModelTests.swift in Sources */ = {isa = PBXBuildFile; fileRef = 3A0BB5A52B68A3A5008C616E /* StepDataViewModelTests.swift */; };
		3A0BB5A82B68A63C008C616E /* UserFriendlyError.swift in Sources */ = {isa = PBXBuildFile; fileRef = 3A0BB5A72B68A63C008C616E /* UserFriendlyError.swift */; };
		3A0BB5AA2B68BB29008C616E /* DetailViewModelTests.swift in Sources */ = {isa = PBXBuildFile; fileRef = 3A0BB5A92B68BB29008C616E /* DetailViewModelTests.swift */; };
		3A16B5472B65F9CB007BD5F6 /* DateFormatterService.swift in Sources */ = {isa = PBXBuildFile; fileRef = 3A16B5462B65F9CB007BD5F6 /* DateFormatterService.swift */; };
		3ABAB32D2B622AA400E174D3 /* HourlyStepData+CoreDataClass.swift in Sources */ = {isa = PBXBuildFile; fileRef = 3ABAB32B2B622AA400E174D3 /* HourlyStepData+CoreDataClass.swift */; };
		3ABAB32E2B622AA400E174D3 /* HourlyStepData+CoreDataProperties.swift in Sources */ = {isa = PBXBuildFile; fileRef = 3ABAB32C2B622AA400E174D3 /* HourlyStepData+CoreDataProperties.swift */; };
		3ABAB3302B6230C600E174D3 /* HourlySteps.swift in Sources */ = {isa = PBXBuildFile; fileRef = 3ABAB32F2B6230C600E174D3 /* HourlySteps.swift */; };
		3ABAB3322B62C3C800E174D3 /* DetailViewModel.swift in Sources */ = {isa = PBXBuildFile; fileRef = 3ABAB3312B62C3C800E174D3 /* DetailViewModel.swift */; };
		3ABAFB7C2B63133600BC0C9F /* DetailData.swift in Sources */ = {isa = PBXBuildFile; fileRef = 3ABAFB7B2B63133600BC0C9F /* DetailData.swift */; };
		3AC0CEC12B66CC5900A56554 /* HourlyStepsChart.swift in Sources */ = {isa = PBXBuildFile; fileRef = 3AC0CEC02B66CC5900A56554 /* HourlyStepsChart.swift */; };
		3AC0CEC32B66CCB000A56554 /* CustomProgressView.swift in Sources */ = {isa = PBXBuildFile; fileRef = 3AC0CEC22B66CCB000A56554 /* CustomProgressView.swift */; };
		3AC0CEC52B66CE8F00A56554 /* GoalStatusView.swift in Sources */ = {isa = PBXBuildFile; fileRef = 3AC0CEC42B66CE8F00A56554 /* GoalStatusView.swift */; };
		3AC0CEC92B66D1B300A56554 /* DailyGoalView.swift in Sources */ = {isa = PBXBuildFile; fileRef = 3AC0CEC82B66D1B300A56554 /* DailyGoalView.swift */; };
		3ACFDA122B6814D70087DBA6 /* UserDefaultsHandler.swift in Sources */ = {isa = PBXBuildFile; fileRef = 3ACFDA112B6814D70087DBA6 /* UserDefaultsHandler.swift */; };
		3AD6F91B2B618FA700923DFC /* myPedometerApp.swift in Sources */ = {isa = PBXBuildFile; fileRef = 3AD6F91A2B618FA700923DFC /* myPedometerApp.swift */; };
		3AD6F91D2B618FA700923DFC /* ContentView.swift in Sources */ = {isa = PBXBuildFile; fileRef = 3AD6F91C2B618FA700923DFC /* ContentView.swift */; };
		3AD6F9212B618FA900923DFC /* Assets.xcassets in Resources */ = {isa = PBXBuildFile; fileRef = 3AD6F9202B618FA900923DFC /* Assets.xcassets */; };
		3AD6F9242B618FA900923DFC /* Preview Assets.xcassets in Resources */ = {isa = PBXBuildFile; fileRef = 3AD6F9232B618FA900923DFC /* Preview Assets.xcassets */; };
		3AD6F92E2B618FA900923DFC /* myPedometerTests.swift in Sources */ = {isa = PBXBuildFile; fileRef = 3AD6F92D2B618FA900923DFC /* myPedometerTests.swift */; };
		3AD6F9382B618FA900923DFC /* myPedometerUITests.swift in Sources */ = {isa = PBXBuildFile; fileRef = 3AD6F9372B618FA900923DFC /* myPedometerUITests.swift */; };
		3AD6F93A2B618FA900923DFC /* myPedometerUITestsLaunchTests.swift in Sources */ = {isa = PBXBuildFile; fileRef = 3AD6F9392B618FA900923DFC /* myPedometerUITestsLaunchTests.swift */; };
		3AD6F9472B618FF900923DFC /* PersistenceController.swift in Sources */ = {isa = PBXBuildFile; fileRef = 3AD6F9462B618FF900923DFC /* PersistenceController.swift */; };
		3AD6F94B2B61901300923DFC /* HomeView.swift in Sources */ = {isa = PBXBuildFile; fileRef = 3AD6F94A2B61901300923DFC /* HomeView.swift */; };
		3AD6F94D2B61902800923DFC /* DetailView.swift in Sources */ = {isa = PBXBuildFile; fileRef = 3AD6F94C2B61902800923DFC /* DetailView.swift */; };
		3AD6F94F2B61903F00923DFC /* PedometerManager.swift in Sources */ = {isa = PBXBuildFile; fileRef = 3AD6F94E2B61903F00923DFC /* PedometerManager.swift */; };
		3AD6F9522B6190AC00923DFC /* StepDataViewModel.swift in Sources */ = {isa = PBXBuildFile; fileRef = 3AD6F9512B6190AC00923DFC /* StepDataViewModel.swift */; };
		3AD6F9572B61943E00923DFC /* StepsModel.xcdatamodeld in Sources */ = {isa = PBXBuildFile; fileRef = 3AD6F9552B61943E00923DFC /* StepsModel.xcdatamodeld */; };
		3AD6F95A2B61983500923DFC /* DailyLog+CoreDataClass.swift in Sources */ = {isa = PBXBuildFile; fileRef = 3AD6F9582B61983500923DFC /* DailyLog+CoreDataClass.swift */; };
		3AD6F95B2B61983500923DFC /* DailyLog+CoreDataProperties.swift in Sources */ = {isa = PBXBuildFile; fileRef = 3AD6F9592B61983500923DFC /* DailyLog+CoreDataProperties.swift */; };
		3AD6F95E2B619BB200923DFC /* DayCardView.swift in Sources */ = {isa = PBXBuildFile; fileRef = 3AD6F95D2B619BB200923DFC /* DayCardView.swift */; };
		3AD6F9672B61AC7800923DFC /* PedometerDataStore.swift in Sources */ = {isa = PBXBuildFile; fileRef = 3AD6F9662B61AC7800923DFC /* PedometerDataStore.swift */; };
		3AD6F9692B61E6D700923DFC /* ProgressCircleView.swift in Sources */ = {isa = PBXBuildFile; fileRef = 3AD6F9682B61E6D700923DFC /* ProgressCircleView.swift */; };
		3AD6F9712B62029900923DFC /* MockPedometerDataProvider.swift in Sources */ = {isa = PBXBuildFile; fileRef = 3AD6F9702B62029900923DFC /* MockPedometerDataProvider.swift */; };
		3AD6F9732B62059800923DFC /* PedometerProviderTests.swift in Sources */ = {isa = PBXBuildFile; fileRef = 3AD6F9722B62059800923DFC /* PedometerProviderTests.swift */; };
		3AD6F9752B62079200923DFC /* PedometerDataStoreTests.swift in Sources */ = {isa = PBXBuildFile; fileRef = 3AD6F9742B62079200923DFC /* PedometerDataStoreTests.swift */; };
/* End PBXBuildFile section */

/* Begin PBXContainerItemProxy section */
		3AD6F92A2B618FA900923DFC /* PBXContainerItemProxy */ = {
			isa = PBXContainerItemProxy;
			containerPortal = 3AD6F90F2B618FA700923DFC /* Project object */;
			proxyType = 1;
			remoteGlobalIDString = 3AD6F9162B618FA700923DFC;
			remoteInfo = myPedometer;
		};
		3AD6F9342B618FA900923DFC /* PBXContainerItemProxy */ = {
			isa = PBXContainerItemProxy;
			containerPortal = 3AD6F90F2B618FA700923DFC /* Project object */;
			proxyType = 1;
			remoteGlobalIDString = 3AD6F9162B618FA700923DFC;
			remoteInfo = myPedometer;
		};
/* End PBXContainerItemProxy section */

/* Begin PBXFileReference section */
		3A0BB5A52B68A3A5008C616E /* StepDataViewModelTests.swift */ = {isa = PBXFileReference; lastKnownFileType = sourcecode.swift; path = StepDataViewModelTests.swift; sourceTree = "<group>"; };
		3A0BB5A72B68A63C008C616E /* UserFriendlyError.swift */ = {isa = PBXFileReference; lastKnownFileType = sourcecode.swift; path = UserFriendlyError.swift; sourceTree = "<group>"; };
		3A0BB5A92B68BB29008C616E /* DetailViewModelTests.swift */ = {isa = PBXFileReference; lastKnownFileType = sourcecode.swift; path = DetailViewModelTests.swift; sourceTree = "<group>"; };
		3A16B5462B65F9CB007BD5F6 /* DateFormatterService.swift */ = {isa = PBXFileReference; lastKnownFileType = sourcecode.swift; path = DateFormatterService.swift; sourceTree = "<group>"; };
		3ABAB32B2B622AA400E174D3 /* HourlyStepData+CoreDataClass.swift */ = {isa = PBXFileReference; lastKnownFileType = sourcecode.swift; path = "HourlyStepData+CoreDataClass.swift"; sourceTree = "<group>"; };
		3ABAB32C2B622AA400E174D3 /* HourlyStepData+CoreDataProperties.swift */ = {isa = PBXFileReference; lastKnownFileType = sourcecode.swift; path = "HourlyStepData+CoreDataProperties.swift"; sourceTree = "<group>"; };
		3ABAB32F2B6230C600E174D3 /* HourlySteps.swift */ = {isa = PBXFileReference; lastKnownFileType = sourcecode.swift; path = HourlySteps.swift; sourceTree = "<group>"; };
		3ABAB3312B62C3C800E174D3 /* DetailViewModel.swift */ = {isa = PBXFileReference; lastKnownFileType = sourcecode.swift; path = DetailViewModel.swift; sourceTree = "<group>"; };
		3ABAFB7B2B63133600BC0C9F /* DetailData.swift */ = {isa = PBXFileReference; lastKnownFileType = sourcecode.swift; path = DetailData.swift; sourceTree = "<group>"; };
		3AC0CEC02B66CC5900A56554 /* HourlyStepsChart.swift */ = {isa = PBXFileReference; lastKnownFileType = sourcecode.swift; path = HourlyStepsChart.swift; sourceTree = "<group>"; };
		3AC0CEC22B66CCB000A56554 /* CustomProgressView.swift */ = {isa = PBXFileReference; lastKnownFileType = sourcecode.swift; path = CustomProgressView.swift; sourceTree = "<group>"; };
		3AC0CEC42B66CE8F00A56554 /* GoalStatusView.swift */ = {isa = PBXFileReference; lastKnownFileType = sourcecode.swift; path = GoalStatusView.swift; sourceTree = "<group>"; };
		3AC0CEC82B66D1B300A56554 /* DailyGoalView.swift */ = {isa = PBXFileReference; lastKnownFileType = sourcecode.swift; path = DailyGoalView.swift; sourceTree = "<group>"; };
		3AC0CECC2B6730DE00A56554 /* Info.plist */ = {isa = PBXFileReference; lastKnownFileType = text.plist; path = Info.plist; sourceTree = "<group>"; };
		3ACFDA112B6814D70087DBA6 /* UserDefaultsHandler.swift */ = {isa = PBXFileReference; lastKnownFileType = sourcecode.swift; path = UserDefaultsHandler.swift; sourceTree = "<group>"; };
		3AD6F9172B618FA700923DFC /* myPedometer.app */ = {isa = PBXFileReference; explicitFileType = wrapper.application; includeInIndex = 0; path = myPedometer.app; sourceTree = BUILT_PRODUCTS_DIR; };
		3AD6F91A2B618FA700923DFC /* myPedometerApp.swift */ = {isa = PBXFileReference; lastKnownFileType = sourcecode.swift; path = myPedometerApp.swift; sourceTree = "<group>"; };
		3AD6F91C2B618FA700923DFC /* ContentView.swift */ = {isa = PBXFileReference; lastKnownFileType = sourcecode.swift; path = ContentView.swift; sourceTree = "<group>"; };
		3AD6F9202B618FA900923DFC /* Assets.xcassets */ = {isa = PBXFileReference; lastKnownFileType = folder.assetcatalog; path = Assets.xcassets; sourceTree = "<group>"; };
		3AD6F9232B618FA900923DFC /* Preview Assets.xcassets */ = {isa = PBXFileReference; lastKnownFileType = folder.assetcatalog; path = "Preview Assets.xcassets"; sourceTree = "<group>"; };
		3AD6F9292B618FA900923DFC /* myPedometerTests.xctest */ = {isa = PBXFileReference; explicitFileType = wrapper.cfbundle; includeInIndex = 0; path = myPedometerTests.xctest; sourceTree = BUILT_PRODUCTS_DIR; };
		3AD6F92D2B618FA900923DFC /* myPedometerTests.swift */ = {isa = PBXFileReference; lastKnownFileType = sourcecode.swift; path = myPedometerTests.swift; sourceTree = "<group>"; };
		3AD6F9332B618FA900923DFC /* myPedometerUITests.xctest */ = {isa = PBXFileReference; explicitFileType = wrapper.cfbundle; includeInIndex = 0; path = myPedometerUITests.xctest; sourceTree = BUILT_PRODUCTS_DIR; };
		3AD6F9372B618FA900923DFC /* myPedometerUITests.swift */ = {isa = PBXFileReference; lastKnownFileType = sourcecode.swift; path = myPedometerUITests.swift; sourceTree = "<group>"; };
		3AD6F9392B618FA900923DFC /* myPedometerUITestsLaunchTests.swift */ = {isa = PBXFileReference; lastKnownFileType = sourcecode.swift; path = myPedometerUITestsLaunchTests.swift; sourceTree = "<group>"; };
		3AD6F9462B618FF900923DFC /* PersistenceController.swift */ = {isa = PBXFileReference; lastKnownFileType = sourcecode.swift; path = PersistenceController.swift; sourceTree = "<group>"; };
		3AD6F94A2B61901300923DFC /* HomeView.swift */ = {isa = PBXFileReference; lastKnownFileType = sourcecode.swift; path = HomeView.swift; sourceTree = "<group>"; };
		3AD6F94C2B61902800923DFC /* DetailView.swift */ = {isa = PBXFileReference; lastKnownFileType = sourcecode.swift; path = DetailView.swift; sourceTree = "<group>"; };
		3AD6F94E2B61903F00923DFC /* PedometerManager.swift */ = {isa = PBXFileReference; lastKnownFileType = sourcecode.swift; path = PedometerManager.swift; sourceTree = "<group>"; };
		3AD6F9512B6190AC00923DFC /* StepDataViewModel.swift */ = {isa = PBXFileReference; lastKnownFileType = sourcecode.swift; path = StepDataViewModel.swift; sourceTree = "<group>"; };
		3AD6F9562B61943E00923DFC /* StepsModel.xcdatamodel */ = {isa = PBXFileReference; explicitFileType = wrapper.xcdatamodel; path = StepsModel.xcdatamodel; sourceTree = "<group>"; };
		3AD6F9582B61983500923DFC /* DailyLog+CoreDataClass.swift */ = {isa = PBXFileReference; lastKnownFileType = sourcecode.swift; path = "DailyLog+CoreDataClass.swift"; sourceTree = "<group>"; };
		3AD6F9592B61983500923DFC /* DailyLog+CoreDataProperties.swift */ = {isa = PBXFileReference; lastKnownFileType = sourcecode.swift; path = "DailyLog+CoreDataProperties.swift"; sourceTree = "<group>"; };
		3AD6F95D2B619BB200923DFC /* DayCardView.swift */ = {isa = PBXFileReference; lastKnownFileType = sourcecode.swift; path = DayCardView.swift; sourceTree = "<group>"; };
		3AD6F9662B61AC7800923DFC /* PedometerDataStore.swift */ = {isa = PBXFileReference; lastKnownFileType = sourcecode.swift; path = PedometerDataStore.swift; sourceTree = "<group>"; };
		3AD6F9682B61E6D700923DFC /* ProgressCircleView.swift */ = {isa = PBXFileReference; lastKnownFileType = sourcecode.swift; path = ProgressCircleView.swift; sourceTree = "<group>"; };
		3AD6F9702B62029900923DFC /* MockPedometerDataProvider.swift */ = {isa = PBXFileReference; lastKnownFileType = sourcecode.swift; path = MockPedometerDataProvider.swift; sourceTree = "<group>"; };
		3AD6F9722B62059800923DFC /* PedometerProviderTests.swift */ = {isa = PBXFileReference; lastKnownFileType = sourcecode.swift; path = PedometerProviderTests.swift; sourceTree = "<group>"; };
		3AD6F9742B62079200923DFC /* PedometerDataStoreTests.swift */ = {isa = PBXFileReference; lastKnownFileType = sourcecode.swift; path = PedometerDataStoreTests.swift; sourceTree = "<group>"; };
/* End PBXFileReference section */

/* Begin PBXFrameworksBuildPhase section */
		3AD6F9142B618FA700923DFC /* Frameworks */ = {
			isa = PBXFrameworksBuildPhase;
			buildActionMask = 2147483647;
			files = (
			);
			runOnlyForDeploymentPostprocessing = 0;
		};
		3AD6F9262B618FA900923DFC /* Frameworks */ = {
			isa = PBXFrameworksBuildPhase;
			buildActionMask = 2147483647;
			files = (
			);
			runOnlyForDeploymentPostprocessing = 0;
		};
		3AD6F9302B618FA900923DFC /* Frameworks */ = {
			isa = PBXFrameworksBuildPhase;
			buildActionMask = 2147483647;
			files = (
			);
			runOnlyForDeploymentPostprocessing = 0;
		};
/* End PBXFrameworksBuildPhase section */

/* Begin PBXGroup section */
		3AC0CEBF2B66CC3B00A56554 /* Details */ = {
			isa = PBXGroup;
			children = (
				3AD6F94C2B61902800923DFC /* DetailView.swift */,
				3ABAB3312B62C3C800E174D3 /* DetailViewModel.swift */,
			);
			path = Details;
			sourceTree = "<group>";
		};
		3AC0CEC62B66D02300A56554 /* Home */ = {
			isa = PBXGroup;
			children = (
				3AD6F94A2B61901300923DFC /* HomeView.swift */,
				3AC0CEC82B66D1B300A56554 /* DailyGoalView.swift */,
				3AD6F95D2B619BB200923DFC /* DayCardView.swift */,
				3AD6F9512B6190AC00923DFC /* StepDataViewModel.swift */,
			);
			path = Home;
			sourceTree = "<group>";
		};
		3AC0CEC72B66D07A00A56554 /* Core Data */ = {
			isa = PBXGroup;
			children = (
				3ABAB32C2B622AA400E174D3 /* HourlyStepData+CoreDataProperties.swift */,
				3AD6F9592B61983500923DFC /* DailyLog+CoreDataProperties.swift */,
				3ABAB32B2B622AA400E174D3 /* HourlyStepData+CoreDataClass.swift */,
				3AD6F9582B61983500923DFC /* DailyLog+CoreDataClass.swift */,
			);
			path = "Core Data";
			sourceTree = "<group>";
		};
		3AD6F90E2B618FA700923DFC = {
			isa = PBXGroup;
			children = (
				3AD6F9192B618FA700923DFC /* myPedometer */,
				3AD6F92C2B618FA900923DFC /* myPedometerTests */,
				3AD6F9362B618FA900923DFC /* myPedometerUITests */,
				3AD6F9182B618FA700923DFC /* Products */,
			);
			sourceTree = "<group>";
		};
		3AD6F9182B618FA700923DFC /* Products */ = {
			isa = PBXGroup;
			children = (
				3AD6F9172B618FA700923DFC /* myPedometer.app */,
				3AD6F9292B618FA900923DFC /* myPedometerTests.xctest */,
				3AD6F9332B618FA900923DFC /* myPedometerUITests.xctest */,
			);
			name = Products;
			sourceTree = "<group>";
		};
		3AD6F9192B618FA700923DFC /* myPedometer */ = {
			isa = PBXGroup;
			children = (
				3AC0CECC2B6730DE00A56554 /* Info.plist */,
				3AD6F91A2B618FA700923DFC /* myPedometerApp.swift */,
				3AD6F91C2B618FA700923DFC /* ContentView.swift */,
				3AC0CEC62B66D02300A56554 /* Home */,
				3AC0CEBF2B66CC3B00A56554 /* Details */,
				3AD6F96A2B61EF2B00923DFC /* StatisticViews */,
				3AD6F95C2B61988800923DFC /* Models */,
				3AD6F95F2B619C3900923DFC /* Supporting Files */,
				3AD6F9502B61904600923DFC /* Data Management */,
				3AD6F9202B618FA900923DFC /* Assets.xcassets */,
				3AD6F9552B61943E00923DFC /* StepsModel.xcdatamodeld */,
				3AD6F9222B618FA900923DFC /* Preview Content */,
			);
			path = myPedometer;
			sourceTree = "<group>";
		};
		3AD6F9222B618FA900923DFC /* Preview Content */ = {
			isa = PBXGroup;
			children = (
				3AD6F9232B618FA900923DFC /* Preview Assets.xcassets */,
			);
			path = "Preview Content";
			sourceTree = "<group>";
		};
		3AD6F92C2B618FA900923DFC /* myPedometerTests */ = {
			isa = PBXGroup;
			children = (
				3AD6F92D2B618FA900923DFC /* myPedometerTests.swift */,
				3AD6F9742B62079200923DFC /* PedometerDataStoreTests.swift */,
				3A0BB5A52B68A3A5008C616E /* StepDataViewModelTests.swift */,
				3A0BB5A92B68BB29008C616E /* DetailViewModelTests.swift */,
				3AD6F9722B62059800923DFC /* PedometerProviderTests.swift */,
			);
			path = myPedometerTests;
			sourceTree = "<group>";
		};
		3AD6F9362B618FA900923DFC /* myPedometerUITests */ = {
			isa = PBXGroup;
			children = (
				3AD6F9372B618FA900923DFC /* myPedometerUITests.swift */,
				3AD6F9392B618FA900923DFC /* myPedometerUITestsLaunchTests.swift */,
			);
			path = myPedometerUITests;
			sourceTree = "<group>";
		};
		3AD6F9502B61904600923DFC /* Data Management */ = {
			isa = PBXGroup;
			children = (
				3AD6F9462B618FF900923DFC /* PersistenceController.swift */,
				3AD6F9702B62029900923DFC /* MockPedometerDataProvider.swift */,
				3AD6F94E2B61903F00923DFC /* PedometerManager.swift */,
				3AD6F9662B61AC7800923DFC /* PedometerDataStore.swift */,
				3ACFDA112B6814D70087DBA6 /* UserDefaultsHandler.swift */,
				3AC0CEC72B66D07A00A56554 /* Core Data */,
			);
			path = "Data Management";
			sourceTree = "<group>";
		};
		3AD6F95C2B61988800923DFC /* Models */ = {
			isa = PBXGroup;
			children = (
				3ABAB32F2B6230C600E174D3 /* HourlySteps.swift */,
				3ABAFB7B2B63133600BC0C9F /* DetailData.swift */,
			);
			path = Models;
			sourceTree = "<group>";
		};
		3AD6F95F2B619C3900923DFC /* Supporting Files */ = {
			isa = PBXGroup;
			children = (
				3A16B5462B65F9CB007BD5F6 /* DateFormatterService.swift */,
				3A0BB5A72B68A63C008C616E /* UserFriendlyError.swift */,
			);
			path = "Supporting Files";
			sourceTree = "<group>";
		};
		3AD6F96A2B61EF2B00923DFC /* StatisticViews */ = {
			isa = PBXGroup;
			children = (
				3AD6F9682B61E6D700923DFC /* ProgressCircleView.swift */,
				3AC0CEC22B66CCB000A56554 /* CustomProgressView.swift */,
				3AC0CEC02B66CC5900A56554 /* HourlyStepsChart.swift */,
				3AC0CEC42B66CE8F00A56554 /* GoalStatusView.swift */,
			);
			path = StatisticViews;
			sourceTree = "<group>";
		};
/* End PBXGroup section */

/* Begin PBXNativeTarget section */
		3AD6F9162B618FA700923DFC /* myPedometer */ = {
			isa = PBXNativeTarget;
			buildConfigurationList = 3AD6F93D2B618FA900923DFC /* Build configuration list for PBXNativeTarget "myPedometer" */;
			buildPhases = (
				3AD6F9132B618FA700923DFC /* Sources */,
				3AD6F9142B618FA700923DFC /* Frameworks */,
				3AD6F9152B618FA700923DFC /* Resources */,
			);
			buildRules = (
			);
			dependencies = (
			);
			name = myPedometer;
			productName = myPedometer;
			productReference = 3AD6F9172B618FA700923DFC /* myPedometer.app */;
			productType = "com.apple.product-type.application";
		};
		3AD6F9282B618FA900923DFC /* myPedometerTests */ = {
			isa = PBXNativeTarget;
			buildConfigurationList = 3AD6F9402B618FA900923DFC /* Build configuration list for PBXNativeTarget "myPedometerTests" */;
			buildPhases = (
				3AD6F9252B618FA900923DFC /* Sources */,
				3AD6F9262B618FA900923DFC /* Frameworks */,
				3AD6F9272B618FA900923DFC /* Resources */,
			);
			buildRules = (
			);
			dependencies = (
				3AD6F92B2B618FA900923DFC /* PBXTargetDependency */,
			);
			name = myPedometerTests;
			productName = myPedometerTests;
			productReference = 3AD6F9292B618FA900923DFC /* myPedometerTests.xctest */;
			productType = "com.apple.product-type.bundle.unit-test";
		};
		3AD6F9322B618FA900923DFC /* myPedometerUITests */ = {
			isa = PBXNativeTarget;
			buildConfigurationList = 3AD6F9432B618FA900923DFC /* Build configuration list for PBXNativeTarget "myPedometerUITests" */;
			buildPhases = (
				3AD6F92F2B618FA900923DFC /* Sources */,
				3AD6F9302B618FA900923DFC /* Frameworks */,
				3AD6F9312B618FA900923DFC /* Resources */,
			);
			buildRules = (
			);
			dependencies = (
				3AD6F9352B618FA900923DFC /* PBXTargetDependency */,
			);
			name = myPedometerUITests;
			productName = myPedometerUITests;
			productReference = 3AD6F9332B618FA900923DFC /* myPedometerUITests.xctest */;
			productType = "com.apple.product-type.bundle.ui-testing";
		};
/* End PBXNativeTarget section */

/* Begin PBXProject section */
		3AD6F90F2B618FA700923DFC /* Project object */ = {
			isa = PBXProject;
			attributes = {
				BuildIndependentTargetsInParallel = 1;
				LastSwiftUpdateCheck = 1500;
				LastUpgradeCheck = 1500;
				TargetAttributes = {
					3AD6F9162B618FA700923DFC = {
						CreatedOnToolsVersion = 15.0.1;
					};
					3AD6F9282B618FA900923DFC = {
						CreatedOnToolsVersion = 15.0.1;
						TestTargetID = 3AD6F9162B618FA700923DFC;
					};
					3AD6F9322B618FA900923DFC = {
						CreatedOnToolsVersion = 15.0.1;
						TestTargetID = 3AD6F9162B618FA700923DFC;
					};
				};
			};
			buildConfigurationList = 3AD6F9122B618FA700923DFC /* Build configuration list for PBXProject "myPedometer" */;
			compatibilityVersion = "Xcode 14.0";
			developmentRegion = en;
			hasScannedForEncodings = 0;
			knownRegions = (
				en,
				Base,
			);
			mainGroup = 3AD6F90E2B618FA700923DFC;
			productRefGroup = 3AD6F9182B618FA700923DFC /* Products */;
			projectDirPath = "";
			projectRoot = "";
			targets = (
				3AD6F9162B618FA700923DFC /* myPedometer */,
				3AD6F9282B618FA900923DFC /* myPedometerTests */,
				3AD6F9322B618FA900923DFC /* myPedometerUITests */,
			);
		};
/* End PBXProject section */

/* Begin PBXResourcesBuildPhase section */
		3AD6F9152B618FA700923DFC /* Resources */ = {
			isa = PBXResourcesBuildPhase;
			buildActionMask = 2147483647;
			files = (
				3AD6F9242B618FA900923DFC /* Preview Assets.xcassets in Resources */,
				3AD6F9212B618FA900923DFC /* Assets.xcassets in Resources */,
			);
			runOnlyForDeploymentPostprocessing = 0;
		};
		3AD6F9272B618FA900923DFC /* Resources */ = {
			isa = PBXResourcesBuildPhase;
			buildActionMask = 2147483647;
			files = (
			);
			runOnlyForDeploymentPostprocessing = 0;
		};
		3AD6F9312B618FA900923DFC /* Resources */ = {
			isa = PBXResourcesBuildPhase;
			buildActionMask = 2147483647;
			files = (
			);
			runOnlyForDeploymentPostprocessing = 0;
		};
/* End PBXResourcesBuildPhase section */

/* Begin PBXSourcesBuildPhase section */
		3AD6F9132B618FA700923DFC /* Sources */ = {
			isa = PBXSourcesBuildPhase;
			buildActionMask = 2147483647;
			files = (
				3ABAB32E2B622AA400E174D3 /* HourlyStepData+CoreDataProperties.swift in Sources */,
				3AD6F91D2B618FA700923DFC /* ContentView.swift in Sources */,
				3AD6F94F2B61903F00923DFC /* PedometerManager.swift in Sources */,
				3AC0CEC12B66CC5900A56554 /* HourlyStepsChart.swift in Sources */,
				3ABAB3302B6230C600E174D3 /* HourlySteps.swift in Sources */,
				3AD6F94D2B61902800923DFC /* DetailView.swift in Sources */,
				3A16B5472B65F9CB007BD5F6 /* DateFormatterService.swift in Sources */,
				3AD6F9572B61943E00923DFC /* StepsModel.xcdatamodeld in Sources */,
				3A0BB5A82B68A63C008C616E /* UserFriendlyError.swift in Sources */,
				3AC0CEC52B66CE8F00A56554 /* GoalStatusView.swift in Sources */,
				3AD6F9522B6190AC00923DFC /* StepDataViewModel.swift in Sources */,
				3ABAFB7C2B63133600BC0C9F /* DetailData.swift in Sources */,
				3AD6F91B2B618FA700923DFC /* myPedometerApp.swift in Sources */,
				3ABAB3322B62C3C800E174D3 /* DetailViewModel.swift in Sources */,
				3AD6F95B2B61983500923DFC /* DailyLog+CoreDataProperties.swift in Sources */,
				3ABAB32D2B622AA400E174D3 /* HourlyStepData+CoreDataClass.swift in Sources */,
				3AC0CEC92B66D1B300A56554 /* DailyGoalView.swift in Sources */,
				3AC0CEC32B66CCB000A56554 /* CustomProgressView.swift in Sources */,
				3ACFDA122B6814D70087DBA6 /* UserDefaultsHandler.swift in Sources */,
				3AD6F9472B618FF900923DFC /* PersistenceController.swift in Sources */,
				3AD6F94B2B61901300923DFC /* HomeView.swift in Sources */,
				3AD6F9672B61AC7800923DFC /* PedometerDataStore.swift in Sources */,
				3AD6F9692B61E6D700923DFC /* ProgressCircleView.swift in Sources */,
				3AD6F95E2B619BB200923DFC /* DayCardView.swift in Sources */,
				3AD6F95A2B61983500923DFC /* DailyLog+CoreDataClass.swift in Sources */,
				3AD6F9712B62029900923DFC /* MockPedometerDataProvider.swift in Sources */,
			);
			runOnlyForDeploymentPostprocessing = 0;
		};
		3AD6F9252B618FA900923DFC /* Sources */ = {
			isa = PBXSourcesBuildPhase;
			buildActionMask = 2147483647;
			files = (
				3A0BB5A62B68A3A5008C616E /* StepDataViewModelTests.swift in Sources */,
				3A0BB5AA2B68BB29008C616E /* DetailViewModelTests.swift in Sources */,
				3AD6F9752B62079200923DFC /* PedometerDataStoreTests.swift in Sources */,
				3AD6F9732B62059800923DFC /* PedometerProviderTests.swift in Sources */,
				3AD6F92E2B618FA900923DFC /* myPedometerTests.swift in Sources */,
			);
			runOnlyForDeploymentPostprocessing = 0;
		};
		3AD6F92F2B618FA900923DFC /* Sources */ = {
			isa = PBXSourcesBuildPhase;
			buildActionMask = 2147483647;
			files = (
				3AD6F93A2B618FA900923DFC /* myPedometerUITestsLaunchTests.swift in Sources */,
				3AD6F9382B618FA900923DFC /* myPedometerUITests.swift in Sources */,
			);
			runOnlyForDeploymentPostprocessing = 0;
		};
/* End PBXSourcesBuildPhase section */

/* Begin PBXTargetDependency section */
		3AD6F92B2B618FA900923DFC /* PBXTargetDependency */ = {
			isa = PBXTargetDependency;
			target = 3AD6F9162B618FA700923DFC /* myPedometer */;
			targetProxy = 3AD6F92A2B618FA900923DFC /* PBXContainerItemProxy */;
		};
		3AD6F9352B618FA900923DFC /* PBXTargetDependency */ = {
			isa = PBXTargetDependency;
			target = 3AD6F9162B618FA700923DFC /* myPedometer */;
			targetProxy = 3AD6F9342B618FA900923DFC /* PBXContainerItemProxy */;
		};
/* End PBXTargetDependency section */

/* Begin XCBuildConfiguration section */
		3AD6F93B2B618FA900923DFC /* Debug */ = {
			isa = XCBuildConfiguration;
			buildSettings = {
				ALWAYS_SEARCH_USER_PATHS = NO;
				ASSETCATALOG_COMPILER_GENERATE_SWIFT_ASSET_SYMBOL_EXTENSIONS = YES;
				CLANG_ANALYZER_NONNULL = YES;
				CLANG_ANALYZER_NUMBER_OBJECT_CONVERSION = YES_AGGRESSIVE;
				CLANG_CXX_LANGUAGE_STANDARD = "gnu++20";
				CLANG_ENABLE_MODULES = YES;
				CLANG_ENABLE_OBJC_ARC = YES;
				CLANG_ENABLE_OBJC_WEAK = YES;
				CLANG_WARN_BLOCK_CAPTURE_AUTORELEASING = YES;
				CLANG_WARN_BOOL_CONVERSION = YES;
				CLANG_WARN_COMMA = YES;
				CLANG_WARN_CONSTANT_CONVERSION = YES;
				CLANG_WARN_DEPRECATED_OBJC_IMPLEMENTATIONS = YES;
				CLANG_WARN_DIRECT_OBJC_ISA_USAGE = YES_ERROR;
				CLANG_WARN_DOCUMENTATION_COMMENTS = YES;
				CLANG_WARN_EMPTY_BODY = YES;
				CLANG_WARN_ENUM_CONVERSION = YES;
				CLANG_WARN_INFINITE_RECURSION = YES;
				CLANG_WARN_INT_CONVERSION = YES;
				CLANG_WARN_NON_LITERAL_NULL_CONVERSION = YES;
				CLANG_WARN_OBJC_IMPLICIT_RETAIN_SELF = YES;
				CLANG_WARN_OBJC_LITERAL_CONVERSION = YES;
				CLANG_WARN_OBJC_ROOT_CLASS = YES_ERROR;
				CLANG_WARN_QUOTED_INCLUDE_IN_FRAMEWORK_HEADER = YES;
				CLANG_WARN_RANGE_LOOP_ANALYSIS = YES;
				CLANG_WARN_STRICT_PROTOTYPES = YES;
				CLANG_WARN_SUSPICIOUS_MOVE = YES;
				CLANG_WARN_UNGUARDED_AVAILABILITY = YES_AGGRESSIVE;
				CLANG_WARN_UNREACHABLE_CODE = YES;
				CLANG_WARN__DUPLICATE_METHOD_MATCH = YES;
				COPY_PHASE_STRIP = NO;
				DEBUG_INFORMATION_FORMAT = dwarf;
				ENABLE_STRICT_OBJC_MSGSEND = YES;
				ENABLE_TESTABILITY = YES;
				ENABLE_USER_SCRIPT_SANDBOXING = YES;
				GCC_C_LANGUAGE_STANDARD = gnu17;
				GCC_DYNAMIC_NO_PIC = NO;
				GCC_NO_COMMON_BLOCKS = YES;
				GCC_OPTIMIZATION_LEVEL = 0;
				GCC_PREPROCESSOR_DEFINITIONS = (
					"DEBUG=1",
					"$(inherited)",
				);
				GCC_WARN_64_TO_32_BIT_CONVERSION = YES;
				GCC_WARN_ABOUT_RETURN_TYPE = YES_ERROR;
				GCC_WARN_UNDECLARED_SELECTOR = YES;
				GCC_WARN_UNINITIALIZED_AUTOS = YES_AGGRESSIVE;
				GCC_WARN_UNUSED_FUNCTION = YES;
				GCC_WARN_UNUSED_VARIABLE = YES;
				INFOPLIST_KEY_UILaunchScreen_Generation = NO;
				IPHONEOS_DEPLOYMENT_TARGET = 17.0;
				LOCALIZATION_PREFERS_STRING_CATALOGS = YES;
				MTL_ENABLE_DEBUG_INFO = INCLUDE_SOURCE;
				MTL_FAST_MATH = YES;
				ONLY_ACTIVE_ARCH = YES;
				SDKROOT = iphoneos;
				SWIFT_ACTIVE_COMPILATION_CONDITIONS = "DEBUG $(inherited)";
				SWIFT_OPTIMIZATION_LEVEL = "-Onone";
			};
			name = Debug;
		};
		3AD6F93C2B618FA900923DFC /* Release */ = {
			isa = XCBuildConfiguration;
			buildSettings = {
				ALWAYS_SEARCH_USER_PATHS = NO;
				ASSETCATALOG_COMPILER_GENERATE_SWIFT_ASSET_SYMBOL_EXTENSIONS = YES;
				CLANG_ANALYZER_NONNULL = YES;
				CLANG_ANALYZER_NUMBER_OBJECT_CONVERSION = YES_AGGRESSIVE;
				CLANG_CXX_LANGUAGE_STANDARD = "gnu++20";
				CLANG_ENABLE_MODULES = YES;
				CLANG_ENABLE_OBJC_ARC = YES;
				CLANG_ENABLE_OBJC_WEAK = YES;
				CLANG_WARN_BLOCK_CAPTURE_AUTORELEASING = YES;
				CLANG_WARN_BOOL_CONVERSION = YES;
				CLANG_WARN_COMMA = YES;
				CLANG_WARN_CONSTANT_CONVERSION = YES;
				CLANG_WARN_DEPRECATED_OBJC_IMPLEMENTATIONS = YES;
				CLANG_WARN_DIRECT_OBJC_ISA_USAGE = YES_ERROR;
				CLANG_WARN_DOCUMENTATION_COMMENTS = YES;
				CLANG_WARN_EMPTY_BODY = YES;
				CLANG_WARN_ENUM_CONVERSION = YES;
				CLANG_WARN_INFINITE_RECURSION = YES;
				CLANG_WARN_INT_CONVERSION = YES;
				CLANG_WARN_NON_LITERAL_NULL_CONVERSION = YES;
				CLANG_WARN_OBJC_IMPLICIT_RETAIN_SELF = YES;
				CLANG_WARN_OBJC_LITERAL_CONVERSION = YES;
				CLANG_WARN_OBJC_ROOT_CLASS = YES_ERROR;
				CLANG_WARN_QUOTED_INCLUDE_IN_FRAMEWORK_HEADER = YES;
				CLANG_WARN_RANGE_LOOP_ANALYSIS = YES;
				CLANG_WARN_STRICT_PROTOTYPES = YES;
				CLANG_WARN_SUSPICIOUS_MOVE = YES;
				CLANG_WARN_UNGUARDED_AVAILABILITY = YES_AGGRESSIVE;
				CLANG_WARN_UNREACHABLE_CODE = YES;
				CLANG_WARN__DUPLICATE_METHOD_MATCH = YES;
				COPY_PHASE_STRIP = NO;
				DEBUG_INFORMATION_FORMAT = "dwarf-with-dsym";
				ENABLE_NS_ASSERTIONS = NO;
				ENABLE_STRICT_OBJC_MSGSEND = YES;
				ENABLE_USER_SCRIPT_SANDBOXING = YES;
				GCC_C_LANGUAGE_STANDARD = gnu17;
				GCC_NO_COMMON_BLOCKS = YES;
				GCC_WARN_64_TO_32_BIT_CONVERSION = YES;
				GCC_WARN_ABOUT_RETURN_TYPE = YES_ERROR;
				GCC_WARN_UNDECLARED_SELECTOR = YES;
				GCC_WARN_UNINITIALIZED_AUTOS = YES_AGGRESSIVE;
				GCC_WARN_UNUSED_FUNCTION = YES;
				GCC_WARN_UNUSED_VARIABLE = YES;
				INFOPLIST_KEY_UILaunchScreen_Generation = NO;
				IPHONEOS_DEPLOYMENT_TARGET = 17.0;
				LOCALIZATION_PREFERS_STRING_CATALOGS = YES;
				MTL_ENABLE_DEBUG_INFO = NO;
				MTL_FAST_MATH = YES;
				SDKROOT = iphoneos;
				SWIFT_COMPILATION_MODE = wholemodule;
				VALIDATE_PRODUCT = YES;
			};
			name = Release;
		};
		3AD6F93E2B618FA900923DFC /* Debug */ = {
			isa = XCBuildConfiguration;
			buildSettings = {
				ASSETCATALOG_COMPILER_APPICON_NAME = AppIcon;
				ASSETCATALOG_COMPILER_GLOBAL_ACCENT_COLOR_NAME = AccentColor;
				CODE_SIGN_STYLE = Automatic;
				CURRENT_PROJECT_VERSION = 1;
				DEVELOPMENT_ASSET_PATHS = "\"myPedometer/Preview Content\"";
				DEVELOPMENT_TEAM = BHJSDBBPS7;
				ENABLE_PREVIEWS = YES;
				GENERATE_INFOPLIST_FILE = YES;
				INFOPLIST_FILE = myPedometer/Info.plist;
				INFOPLIST_KEY_CFBundleDisplayName = Pedometer;
				INFOPLIST_KEY_LSApplicationCategoryType = "public.app-category.healthcare-fitness";
				INFOPLIST_KEY_NSMotionUsageDescription = "\"This app requires access to motion usage to provide accurate data and effectively track your steps.\"";
				INFOPLIST_KEY_UIApplicationSceneManifest_Generation = YES;
				INFOPLIST_KEY_UIApplicationSupportsIndirectInputEvents = YES;
				INFOPLIST_KEY_UILaunchStoryboardName = "Launch Screen.storyboard";
				INFOPLIST_KEY_UISupportedInterfaceOrientations_iPad = "UIInterfaceOrientationPortrait UIInterfaceOrientationPortraitUpsideDown UIInterfaceOrientationLandscapeLeft UIInterfaceOrientationLandscapeRight";
				INFOPLIST_KEY_UISupportedInterfaceOrientations_iPhone = "UIInterfaceOrientationPortrait UIInterfaceOrientationLandscapeLeft UIInterfaceOrientationLandscapeRight";
				LD_RUNPATH_SEARCH_PATHS = (
					"$(inherited)",
					"@executable_path/Frameworks",
				);
				MARKETING_VERSION = 1.0;
				PRODUCT_BUNDLE_IDENTIFIER = samroman.myPedometer;
				PRODUCT_NAME = "$(TARGET_NAME)";
				SWIFT_EMIT_LOC_STRINGS = YES;
				SWIFT_VERSION = 5.0;
				TARGETED_DEVICE_FAMILY = "1,2";
			};
			name = Debug;
		};
		3AD6F93F2B618FA900923DFC /* Release */ = {
			isa = XCBuildConfiguration;
			buildSettings = {
				ASSETCATALOG_COMPILER_APPICON_NAME = AppIcon;
				ASSETCATALOG_COMPILER_GLOBAL_ACCENT_COLOR_NAME = AccentColor;
				CODE_SIGN_STYLE = Automatic;
				CURRENT_PROJECT_VERSION = 1;
				DEVELOPMENT_ASSET_PATHS = "\"myPedometer/Preview Content\"";
				DEVELOPMENT_TEAM = BHJSDBBPS7;
				ENABLE_PREVIEWS = YES;
				GENERATE_INFOPLIST_FILE = YES;
				INFOPLIST_FILE = myPedometer/Info.plist;
				INFOPLIST_KEY_CFBundleDisplayName = Pedometer;
				INFOPLIST_KEY_LSApplicationCategoryType = "public.app-category.healthcare-fitness";
				INFOPLIST_KEY_NSMotionUsageDescription = "\"This app requires access to motion usage to provide accurate data and effectively track your steps.\"";
				INFOPLIST_KEY_UIApplicationSceneManifest_Generation = YES;
				INFOPLIST_KEY_UIApplicationSupportsIndirectInputEvents = YES;
				INFOPLIST_KEY_UILaunchStoryboardName = "Launch Screen.storyboard";
				INFOPLIST_KEY_UISupportedInterfaceOrientations_iPad = "UIInterfaceOrientationPortrait UIInterfaceOrientationPortraitUpsideDown UIInterfaceOrientationLandscapeLeft UIInterfaceOrientationLandscapeRight";
				INFOPLIST_KEY_UISupportedInterfaceOrientations_iPhone = "UIInterfaceOrientationPortrait UIInterfaceOrientationLandscapeLeft UIInterfaceOrientationLandscapeRight";
				LD_RUNPATH_SEARCH_PATHS = (
					"$(inherited)",
					"@executable_path/Frameworks",
				);
				MARKETING_VERSION = 1.0;
				PRODUCT_BUNDLE_IDENTIFIER = samroman.myPedometer;
				PRODUCT_NAME = "$(TARGET_NAME)";
				SWIFT_EMIT_LOC_STRINGS = YES;
				SWIFT_VERSION = 5.0;
				TARGETED_DEVICE_FAMILY = "1,2";
			};
			name = Release;
		};
		3AD6F9412B618FA900923DFC /* Debug */ = {
			isa = XCBuildConfiguration;
			buildSettings = {
				ALWAYS_EMBED_SWIFT_STANDARD_LIBRARIES = YES;
				BUNDLE_LOADER = "$(TEST_HOST)";
				CODE_SIGN_STYLE = Automatic;
				CURRENT_PROJECT_VERSION = 1;
				DEVELOPMENT_TEAM = BHJSDBBPS7;
				GENERATE_INFOPLIST_FILE = YES;
				IPHONEOS_DEPLOYMENT_TARGET = 17.0;
				MARKETING_VERSION = 1.0;
				PRODUCT_BUNDLE_IDENTIFIER = samroman.myPedometerTests;
				PRODUCT_NAME = "$(TARGET_NAME)";
				SWIFT_EMIT_LOC_STRINGS = NO;
				SWIFT_VERSION = 5.0;
				TARGETED_DEVICE_FAMILY = "1,2";
				TEST_HOST = "$(BUILT_PRODUCTS_DIR)/myPedometer.app/$(BUNDLE_EXECUTABLE_FOLDER_PATH)/myPedometer";
			};
			name = Debug;
		};
		3AD6F9422B618FA900923DFC /* Release */ = {
			isa = XCBuildConfiguration;
			buildSettings = {
				ALWAYS_EMBED_SWIFT_STANDARD_LIBRARIES = YES;
				BUNDLE_LOADER = "$(TEST_HOST)";
				CODE_SIGN_STYLE = Automatic;
				CURRENT_PROJECT_VERSION = 1;
				DEVELOPMENT_TEAM = BHJSDBBPS7;
				GENERATE_INFOPLIST_FILE = YES;
				IPHONEOS_DEPLOYMENT_TARGET = 17.0;
				MARKETING_VERSION = 1.0;
				PRODUCT_BUNDLE_IDENTIFIER = samroman.myPedometerTests;
				PRODUCT_NAME = "$(TARGET_NAME)";
				SWIFT_EMIT_LOC_STRINGS = NO;
				SWIFT_VERSION = 5.0;
				TARGETED_DEVICE_FAMILY = "1,2";
				TEST_HOST = "$(BUILT_PRODUCTS_DIR)/myPedometer.app/$(BUNDLE_EXECUTABLE_FOLDER_PATH)/myPedometer";
			};
			name = Release;
		};
		3AD6F9442B618FA900923DFC /* Debug */ = {
			isa = XCBuildConfiguration;
			buildSettings = {
				ALWAYS_EMBED_SWIFT_STANDARD_LIBRARIES = YES;
				CODE_SIGN_STYLE = Automatic;
				CURRENT_PROJECT_VERSION = 1;
				DEVELOPMENT_TEAM = BHJSDBBPS7;
				GENERATE_INFOPLIST_FILE = YES;
				MARKETING_VERSION = 1.0;
				PRODUCT_BUNDLE_IDENTIFIER = samroman.myPedometerUITests;
				PRODUCT_NAME = "$(TARGET_NAME)";
				SWIFT_EMIT_LOC_STRINGS = NO;
				SWIFT_VERSION = 5.0;
				TARGETED_DEVICE_FAMILY = "1,2";
				TEST_TARGET_NAME = myPedometer;
			};
			name = Debug;
		};
		3AD6F9452B618FA900923DFC /* Release */ = {
			isa = XCBuildConfiguration;
			buildSettings = {
				ALWAYS_EMBED_SWIFT_STANDARD_LIBRARIES = YES;
				CODE_SIGN_STYLE = Automatic;
				CURRENT_PROJECT_VERSION = 1;
				DEVELOPMENT_TEAM = BHJSDBBPS7;
				GENERATE_INFOPLIST_FILE = YES;
				MARKETING_VERSION = 1.0;
				PRODUCT_BUNDLE_IDENTIFIER = samroman.myPedometerUITests;
				PRODUCT_NAME = "$(TARGET_NAME)";
				SWIFT_EMIT_LOC_STRINGS = NO;
				SWIFT_VERSION = 5.0;
				TARGETED_DEVICE_FAMILY = "1,2";
				TEST_TARGET_NAME = myPedometer;
			};
			name = Release;
		};
/* End XCBuildConfiguration section */

/* Begin XCConfigurationList section */
		3AD6F9122B618FA700923DFC /* Build configuration list for PBXProject "myPedometer" */ = {
			isa = XCConfigurationList;
			buildConfigurations = (
				3AD6F93B2B618FA900923DFC /* Debug */,
				3AD6F93C2B618FA900923DFC /* Release */,
			);
			defaultConfigurationIsVisible = 0;
			defaultConfigurationName = Release;
		};
		3AD6F93D2B618FA900923DFC /* Build configuration list for PBXNativeTarget "myPedometer" */ = {
			isa = XCConfigurationList;
			buildConfigurations = (
				3AD6F93E2B618FA900923DFC /* Debug */,
				3AD6F93F2B618FA900923DFC /* Release */,
			);
			defaultConfigurationIsVisible = 0;
			defaultConfigurationName = Release;
		};
		3AD6F9402B618FA900923DFC /* Build configuration list for PBXNativeTarget "myPedometerTests" */ = {
			isa = XCConfigurationList;
			buildConfigurations = (
				3AD6F9412B618FA900923DFC /* Debug */,
				3AD6F9422B618FA900923DFC /* Release */,
			);
			defaultConfigurationIsVisible = 0;
			defaultConfigurationName = Release;
		};
		3AD6F9432B618FA900923DFC /* Build configuration list for PBXNativeTarget "myPedometerUITests" */ = {
			isa = XCConfigurationList;
			buildConfigurations = (
				3AD6F9442B618FA900923DFC /* Debug */,
				3AD6F9452B618FA900923DFC /* Release */,
			);
			defaultConfigurationIsVisible = 0;
			defaultConfigurationName = Release;
		};
/* End XCConfigurationList section */

/* Begin XCVersionGroup section */
		3AD6F9552B61943E00923DFC /* StepsModel.xcdatamodeld */ = {
			isa = XCVersionGroup;
			children = (
				3AD6F9562B61943E00923DFC /* StepsModel.xcdatamodel */,
			);
			currentVersion = 3AD6F9562B61943E00923DFC /* StepsModel.xcdatamodel */;
			path = StepsModel.xcdatamodeld;
			sourceTree = "<group>";
			versionGroupType = wrapper.xcdatamodel;
		};
/* End XCVersionGroup section */
	};
	rootObject = 3AD6F90F2B618FA700923DFC /* Project object */;
}
