// !$*UTF8*$!
{
	archiveVersion = 1;
	classes = {
	};
	objectVersion = 56;
	objects = {

/* Begin PBXBuildFile section */
		3A0ADE462B9F901100A2D9D4 /* CustomTabBarView.swift in Sources */ = {isa = PBXBuildFile; fileRef = 3A0ADE452B9F901100A2D9D4 /* CustomTabBarView.swift */; };
		3A0BB5A62B68A3A5008C616E /* StepDataViewModelTests.swift in Sources */ = {isa = PBXBuildFile; fileRef = 3A0BB5A52B68A3A5008C616E /* StepDataViewModelTests.swift */; };
		3A0BB5A82B68A63C008C616E /* UserFriendlyError.swift in Sources */ = {isa = PBXBuildFile; fileRef = 3A0BB5A72B68A63C008C616E /* UserFriendlyError.swift */; };
		3A0BB5AA2B68BB29008C616E /* DetailViewModelTests.swift in Sources */ = {isa = PBXBuildFile; fileRef = 3A0BB5A92B68BB29008C616E /* DetailViewModelTests.swift */; };
		3A0BB5AC2B6933BF008C616E /* PedometerDataProcessor.swift in Sources */ = {isa = PBXBuildFile; fileRef = 3A0BB5AB2B6933BF008C616E /* PedometerDataProcessor.swift */; };
		3A0BB5AE2B694EC4008C616E /* PedometerDataProcessor.swift in Sources */ = {isa = PBXBuildFile; fileRef = 3A0BB5AD2B694EC4008C616E /* PedometerDataProcessor.swift */; };
		3A16B5472B65F9CB007BD5F6 /* DateFormatterService.swift in Sources */ = {isa = PBXBuildFile; fileRef = 3A16B5462B65F9CB007BD5F6 /* DateFormatterService.swift */; };
		3A17D5522B9D3B4E00D74874 /* BarGoalView.swift in Sources */ = {isa = PBXBuildFile; fileRef = 3A17D5512B9D3B4E00D74874 /* BarGoalView.swift */; };
		3A2320692B9FBB5D00D1851F /* TodayView.swift in Sources */ = {isa = PBXBuildFile; fileRef = 3A2320682B9FBB5D00D1851F /* TodayView.swift */; };
		3A23206B2BA1DECE00D1851F /* AwardsView.swift in Sources */ = {isa = PBXBuildFile; fileRef = 3A23206A2BA1DECE00D1851F /* AwardsView.swift */; };
		3A23206D2BA2403300D1851F /* AppTheme.swift in Sources */ = {isa = PBXBuildFile; fileRef = 3A23206C2BA2403300D1851F /* AppTheme.swift */; };
		3A2320702BA26CF400D1851F /* MainChallengeView.swift in Sources */ = {isa = PBXBuildFile; fileRef = 3A23206F2BA26CF400D1851F /* MainChallengeView.swift */; };
		3A41765D2BA3909500F89254 /* OnboardingView.swift in Sources */ = {isa = PBXBuildFile; fileRef = 3A41765C2BA3909500F89254 /* OnboardingView.swift */; };
		3A4176622BA3915A00F89254 /* AppState.swift in Sources */ = {isa = PBXBuildFile; fileRef = 3A4176612BA3915A00F89254 /* AppState.swift */; };
		3A4176642BA3936D00F89254 /* UserSettingsManager.swift in Sources */ = {isa = PBXBuildFile; fileRef = 3A4176632BA3936D00F89254 /* UserSettingsManager.swift */; };
		3A4176662BA3ADD500F89254 /* SignInView.swift in Sources */ = {isa = PBXBuildFile; fileRef = 3A4176652BA3ADD500F89254 /* SignInView.swift */; };
		3A41766C2BA503B200F89254 /* ProfileView.swift in Sources */ = {isa = PBXBuildFile; fileRef = 3A41766B2BA503B100F89254 /* ProfileView.swift */; };
		3A41766E2BA503DA00F89254 /* ImagePicker.swift in Sources */ = {isa = PBXBuildFile; fileRef = 3A41766D2BA503DA00F89254 /* ImagePicker.swift */; };
		3A4176702BA603F700F89254 /* ChallengeViewModel.swift in Sources */ = {isa = PBXBuildFile; fileRef = 3A41766F2BA603F700F89254 /* ChallengeViewModel.swift */; };
		3A4176732BA6053500F89254 /* CloudKitManager.swift in Sources */ = {isa = PBXBuildFile; fileRef = 3A4176722BA6053500F89254 /* CloudKitManager.swift */; };
		3A4176812BA8DC7300F89254 /* ChallengeDetails.swift in Sources */ = {isa = PBXBuildFile; fileRef = 3A4176802BA8DC7300F89254 /* ChallengeDetails.swift */; };
		3A4176832BA8E1D000F89254 /* CustomShareView.swift in Sources */ = {isa = PBXBuildFile; fileRef = 3A4176822BA8E1D000F89254 /* CustomShareView.swift */; };
		3A5C1AAA2BBC6161005DF4FD /* Challenge+CoreDataClass.swift in Sources */ = {isa = PBXBuildFile; fileRef = 3A5C1AA82BBC6161005DF4FD /* Challenge+CoreDataClass.swift */; };
		3A5C1AAB2BBC6161005DF4FD /* Challenge+CoreDataProperties.swift in Sources */ = {isa = PBXBuildFile; fileRef = 3A5C1AA92BBC6161005DF4FD /* Challenge+CoreDataProperties.swift */; };
		3A5C1AAE2BBDFF9A005DF4FD /* GoalUpdateView.swift in Sources */ = {isa = PBXBuildFile; fileRef = 3A5C1AAD2BBDFF9A005DF4FD /* GoalUpdateView.swift */; };
		3A65699A2BB661AB00E609D7 /* StepsModel.xcdatamodeld in Sources */ = {isa = PBXBuildFile; fileRef = 3A6569982BB661AB00E609D7 /* StepsModel.xcdatamodeld */; };
		3A85835E2BB4A23B00B14956 /* User+CoreDataClass.swift in Sources */ = {isa = PBXBuildFile; fileRef = 3A85835A2BB4A23B00B14956 /* User+CoreDataClass.swift */; };
		3A85835F2BB4A23B00B14956 /* User+CoreDataProperties.swift in Sources */ = {isa = PBXBuildFile; fileRef = 3A85835B2BB4A23B00B14956 /* User+CoreDataProperties.swift */; };
		3A870D252BAF8F25000F4D1E /* DismissKeyboardOnTap.swift in Sources */ = {isa = PBXBuildFile; fileRef = 3A870D242BAF8F25000F4D1E /* DismissKeyboardOnTap.swift */; };
		3A870D2A2BB0FBFF000F4D1E /* ChallengeStatus.swift in Sources */ = {isa = PBXBuildFile; fileRef = 3A870D292BB0FBFF000F4D1E /* ChallengeStatus.swift */; };
		3A870D2C2BB0FC1B000F4D1E /* DummyChallenge.swift in Sources */ = {isa = PBXBuildFile; fileRef = 3A870D2B2BB0FC1B000F4D1E /* DummyChallenge.swift */; };
		3A870D2E2BB0FC72000F4D1E /* PendingChallengesView.swift in Sources */ = {isa = PBXBuildFile; fileRef = 3A870D2D2BB0FC72000F4D1E /* PendingChallengesView.swift */; };
		3A870D302BB0FCAD000F4D1E /* ActiveChallengesView.swift in Sources */ = {isa = PBXBuildFile; fileRef = 3A870D2F2BB0FCAD000F4D1E /* ActiveChallengesView.swift */; };
		3A870D322BB0FCD8000F4D1E /* PastChallengesView.swift in Sources */ = {isa = PBXBuildFile; fileRef = 3A870D312BB0FCD8000F4D1E /* PastChallengesView.swift */; };
		3A870D342BB0FD1E000F4D1E /* LiveChallengeView.swift in Sources */ = {isa = PBXBuildFile; fileRef = 3A870D332BB0FD1E000F4D1E /* LiveChallengeView.swift */; };
		3A870D362BB0FD54000F4D1E /* CreateChallengeView.swift in Sources */ = {isa = PBXBuildFile; fileRef = 3A870D352BB0FD54000F4D1E /* CreateChallengeView.swift */; };
		3A8F0D6E2BAB4EA9004D1AE8 /* AppDelegate.swift in Sources */ = {isa = PBXBuildFile; fileRef = 3A8F0D6D2BAB4EA9004D1AE8 /* AppDelegate.swift */; };
		3AB190622BB5DA890049D672 /* SceneDelegate.swift in Sources */ = {isa = PBXBuildFile; fileRef = 3AB190612BB5DA890049D672 /* SceneDelegate.swift */; };
		3AB190652BB609B20049D672 /* HapticFeedbackProvider.swift in Sources */ = {isa = PBXBuildFile; fileRef = 3AB190642BB609B20049D672 /* HapticFeedbackProvider.swift */; };
		3ABAB32D2B622AA400E174D3 /* HourlyStepData+CoreDataClass.swift in Sources */ = {isa = PBXBuildFile; fileRef = 3ABAB32B2B622AA400E174D3 /* HourlyStepData+CoreDataClass.swift */; };
		3ABAB32E2B622AA400E174D3 /* HourlyStepData+CoreDataProperties.swift in Sources */ = {isa = PBXBuildFile; fileRef = 3ABAB32C2B622AA400E174D3 /* HourlyStepData+CoreDataProperties.swift */; };
		3ABAB3302B6230C600E174D3 /* HourlySteps.swift in Sources */ = {isa = PBXBuildFile; fileRef = 3ABAB32F2B6230C600E174D3 /* HourlySteps.swift */; };
		3ABAB3322B62C3C800E174D3 /* StatViewModel.swift in Sources */ = {isa = PBXBuildFile; fileRef = 3ABAB3312B62C3C800E174D3 /* StatViewModel.swift */; };
		3ABAFB7C2B63133600BC0C9F /* DetailData.swift in Sources */ = {isa = PBXBuildFile; fileRef = 3ABAFB7B2B63133600BC0C9F /* DetailData.swift */; };
		3AC0CEC12B66CC5900A56554 /* HourlyStepsChart.swift in Sources */ = {isa = PBXBuildFile; fileRef = 3AC0CEC02B66CC5900A56554 /* HourlyStepsChart.swift */; };
		3AC0CEC32B66CCB000A56554 /* CustomProgressView.swift in Sources */ = {isa = PBXBuildFile; fileRef = 3AC0CEC22B66CCB000A56554 /* CustomProgressView.swift */; };
		3AC0CEC52B66CE8F00A56554 /* GoalStatusView.swift in Sources */ = {isa = PBXBuildFile; fileRef = 3AC0CEC42B66CE8F00A56554 /* GoalStatusView.swift */; };
		3AC0CEC92B66D1B300A56554 /* SetUpProfileView.swift in Sources */ = {isa = PBXBuildFile; fileRef = 3AC0CEC82B66D1B300A56554 /* SetUpProfileView.swift */; };
		3ACF747C2BAA1C8B00EB37A5 /* ParticipantDetails.swift in Sources */ = {isa = PBXBuildFile; fileRef = 3ACF747B2BAA1C8B00EB37A5 /* ParticipantDetails.swift */; };
		3ACF747E2BAA22C700EB37A5 /* SharedChallengeDetailView.swift in Sources */ = {isa = PBXBuildFile; fileRef = 3ACF747D2BAA22C700EB37A5 /* SharedChallengeDetailView.swift */; };
		3ACFDA122B6814D70087DBA6 /* UserDefaultsHandler.swift in Sources */ = {isa = PBXBuildFile; fileRef = 3ACFDA112B6814D70087DBA6 /* UserDefaultsHandler.swift */; };
		3AD6F91B2B618FA700923DFC /* myPedometerApp.swift in Sources */ = {isa = PBXBuildFile; fileRef = 3AD6F91A2B618FA700923DFC /* myPedometerApp.swift */; };
		3AD6F91D2B618FA700923DFC /* ContentView.swift in Sources */ = {isa = PBXBuildFile; fileRef = 3AD6F91C2B618FA700923DFC /* ContentView.swift */; };
		3AD6F9212B618FA900923DFC /* Assets.xcassets in Resources */ = {isa = PBXBuildFile; fileRef = 3AD6F9202B618FA900923DFC /* Assets.xcassets */; };
		3AD6F9242B618FA900923DFC /* Preview Assets.xcassets in Resources */ = {isa = PBXBuildFile; fileRef = 3AD6F9232B618FA900923DFC /* Preview Assets.xcassets */; };
		3AD6F92E2B618FA900923DFC /* myPedometerTests.swift in Sources */ = {isa = PBXBuildFile; fileRef = 3AD6F92D2B618FA900923DFC /* myPedometerTests.swift */; };
		3AD6F9382B618FA900923DFC /* myPedometerUITests.swift in Sources */ = {isa = PBXBuildFile; fileRef = 3AD6F9372B618FA900923DFC /* myPedometerUITests.swift */; };
		3AD6F93A2B618FA900923DFC /* myPedometerUITestsLaunchTests.swift in Sources */ = {isa = PBXBuildFile; fileRef = 3AD6F9392B618FA900923DFC /* myPedometerUITestsLaunchTests.swift */; };
		3AD6F9472B618FF900923DFC /* PersistenceController.swift in Sources */ = {isa = PBXBuildFile; fileRef = 3AD6F9462B618FF900923DFC /* PersistenceController.swift */; };
		3AD6F94B2B61901300923DFC /* WeekView.swift in Sources */ = {isa = PBXBuildFile; fileRef = 3AD6F94A2B61901300923DFC /* WeekView.swift */; };
		3AD6F94D2B61902800923DFC /* DetailView.swift in Sources */ = {isa = PBXBuildFile; fileRef = 3AD6F94C2B61902800923DFC /* DetailView.swift */; };
		3AD6F94F2B61903F00923DFC /* PedometerManager.swift in Sources */ = {isa = PBXBuildFile; fileRef = 3AD6F94E2B61903F00923DFC /* PedometerManager.swift */; };
		3AD6F9522B6190AC00923DFC /* StepDataViewModel.swift in Sources */ = {isa = PBXBuildFile; fileRef = 3AD6F9512B6190AC00923DFC /* StepDataViewModel.swift */; };
		3AD6F95A2B61983500923DFC /* DailyLog+CoreDataClass.swift in Sources */ = {isa = PBXBuildFile; fileRef = 3AD6F9582B61983500923DFC /* DailyLog+CoreDataClass.swift */; };
		3AD6F95B2B61983500923DFC /* DailyLog+CoreDataProperties.swift in Sources */ = {isa = PBXBuildFile; fileRef = 3AD6F9592B61983500923DFC /* DailyLog+CoreDataProperties.swift */; };
		3AD6F95E2B619BB200923DFC /* DayCardView.swift in Sources */ = {isa = PBXBuildFile; fileRef = 3AD6F95D2B619BB200923DFC /* DayCardView.swift */; };
		3AD6F9672B61AC7800923DFC /* PedometerDataStore.swift in Sources */ = {isa = PBXBuildFile; fileRef = 3AD6F9662B61AC7800923DFC /* PedometerDataStore.swift */; };
		3AD6F9692B61E6D700923DFC /* ProgressCircleView.swift in Sources */ = {isa = PBXBuildFile; fileRef = 3AD6F9682B61E6D700923DFC /* ProgressCircleView.swift */; };
		3AD6F9712B62029900923DFC /* MockPedometerDataProvider.swift in Sources */ = {isa = PBXBuildFile; fileRef = 3AD6F9702B62029900923DFC /* MockPedometerDataProvider.swift */; };
		3AD6F9732B62059800923DFC /* PedometerProviderTests.swift in Sources */ = {isa = PBXBuildFile; fileRef = 3AD6F9722B62059800923DFC /* PedometerProviderTests.swift */; };
		3AD6F9752B62079200923DFC /* PedometerDataStoreTests.swift in Sources */ = {isa = PBXBuildFile; fileRef = 3AD6F9742B62079200923DFC /* PedometerDataStoreTests.swift */; };
/* End PBXBuildFile section */

/* Begin PBXContainerItemProxy section */
		3AD6F92A2B618FA900923DFC /* PBXContainerItemProxy */ = {
			isa = PBXContainerItemProxy;
			containerPortal = 3AD6F90F2B618FA700923DFC /* Project object */;
			proxyType = 1;
			remoteGlobalIDString = 3AD6F9162B618FA700923DFC;
			remoteInfo = myPedometer;
		};
		3AD6F9342B618FA900923DFC /* PBXContainerItemProxy */ = {
			isa = PBXContainerItemProxy;
			containerPortal = 3AD6F90F2B618FA700923DFC /* Project object */;
			proxyType = 1;
			remoteGlobalIDString = 3AD6F9162B618FA700923DFC;
			remoteInfo = myPedometer;
		};
/* End PBXContainerItemProxy section */

/* Begin PBXFileReference section */
		3A0ADE452B9F901100A2D9D4 /* CustomTabBarView.swift */ = {isa = PBXFileReference; lastKnownFileType = sourcecode.swift; path = CustomTabBarView.swift; sourceTree = "<group>"; };
		3A0BB5A52B68A3A5008C616E /* StepDataViewModelTests.swift */ = {isa = PBXFileReference; lastKnownFileType = sourcecode.swift; path = StepDataViewModelTests.swift; sourceTree = "<group>"; };
		3A0BB5A72B68A63C008C616E /* UserFriendlyError.swift */ = {isa = PBXFileReference; lastKnownFileType = sourcecode.swift; path = UserFriendlyError.swift; sourceTree = "<group>"; };
		3A0BB5A92B68BB29008C616E /* DetailViewModelTests.swift */ = {isa = PBXFileReference; lastKnownFileType = sourcecode.swift; path = DetailViewModelTests.swift; sourceTree = "<group>"; };
		3A0BB5AB2B6933BF008C616E /* PedometerDataProcessor.swift */ = {isa = PBXFileReference; lastKnownFileType = sourcecode.swift; path = PedometerDataProcessor.swift; sourceTree = "<group>"; };
		3A0BB5AD2B694EC4008C616E /* PedometerDataProcessor.swift */ = {isa = PBXFileReference; lastKnownFileType = sourcecode.swift; path = PedometerDataProcessor.swift; sourceTree = "<group>"; };
		3A16B5462B65F9CB007BD5F6 /* DateFormatterService.swift */ = {isa = PBXFileReference; lastKnownFileType = sourcecode.swift; path = DateFormatterService.swift; sourceTree = "<group>"; };
		3A17D5512B9D3B4E00D74874 /* BarGoalView.swift */ = {isa = PBXFileReference; lastKnownFileType = sourcecode.swift; path = BarGoalView.swift; sourceTree = "<group>"; };
		3A2320682B9FBB5D00D1851F /* TodayView.swift */ = {isa = PBXFileReference; lastKnownFileType = sourcecode.swift; path = TodayView.swift; sourceTree = "<group>"; };
		3A23206A2BA1DECE00D1851F /* AwardsView.swift */ = {isa = PBXFileReference; lastKnownFileType = sourcecode.swift; path = AwardsView.swift; sourceTree = "<group>"; };
		3A23206C2BA2403300D1851F /* AppTheme.swift */ = {isa = PBXFileReference; lastKnownFileType = sourcecode.swift; path = AppTheme.swift; sourceTree = "<group>"; };
		3A23206F2BA26CF400D1851F /* MainChallengeView.swift */ = {isa = PBXFileReference; lastKnownFileType = sourcecode.swift; path = MainChallengeView.swift; sourceTree = "<group>"; };
		3A2320712BA37C4700D1851F /* myPedometer.entitlements */ = {isa = PBXFileReference; lastKnownFileType = text.plist.entitlements; path = myPedometer.entitlements; sourceTree = "<group>"; };
		3A41765C2BA3909500F89254 /* OnboardingView.swift */ = {isa = PBXFileReference; lastKnownFileType = sourcecode.swift; path = OnboardingView.swift; sourceTree = "<group>"; };
		3A4176612BA3915A00F89254 /* AppState.swift */ = {isa = PBXFileReference; lastKnownFileType = sourcecode.swift; path = AppState.swift; sourceTree = "<group>"; };
		3A4176632BA3936D00F89254 /* UserSettingsManager.swift */ = {isa = PBXFileReference; lastKnownFileType = sourcecode.swift; path = UserSettingsManager.swift; sourceTree = "<group>"; };
		3A4176652BA3ADD500F89254 /* SignInView.swift */ = {isa = PBXFileReference; lastKnownFileType = sourcecode.swift; path = SignInView.swift; sourceTree = "<group>"; };
		3A41766B2BA503B100F89254 /* ProfileView.swift */ = {isa = PBXFileReference; lastKnownFileType = sourcecode.swift; path = ProfileView.swift; sourceTree = "<group>"; };
		3A41766D2BA503DA00F89254 /* ImagePicker.swift */ = {isa = PBXFileReference; lastKnownFileType = sourcecode.swift; path = ImagePicker.swift; sourceTree = "<group>"; };
		3A41766F2BA603F700F89254 /* ChallengeViewModel.swift */ = {isa = PBXFileReference; lastKnownFileType = sourcecode.swift; path = ChallengeViewModel.swift; sourceTree = "<group>"; };
		3A4176722BA6053500F89254 /* CloudKitManager.swift */ = {isa = PBXFileReference; lastKnownFileType = sourcecode.swift; path = CloudKitManager.swift; sourceTree = "<group>"; };
		3A4176802BA8DC7300F89254 /* ChallengeDetails.swift */ = {isa = PBXFileReference; lastKnownFileType = sourcecode.swift; path = ChallengeDetails.swift; sourceTree = "<group>"; };
		3A4176822BA8E1D000F89254 /* CustomShareView.swift */ = {isa = PBXFileReference; lastKnownFileType = sourcecode.swift; path = CustomShareView.swift; sourceTree = "<group>"; };
		3A5C1AA82BBC6161005DF4FD /* Challenge+CoreDataClass.swift */ = {isa = PBXFileReference; lastKnownFileType = sourcecode.swift; path = "Challenge+CoreDataClass.swift"; sourceTree = "<group>"; };
		3A5C1AA92BBC6161005DF4FD /* Challenge+CoreDataProperties.swift */ = {isa = PBXFileReference; lastKnownFileType = sourcecode.swift; path = "Challenge+CoreDataProperties.swift"; sourceTree = "<group>"; };
		3A5C1AAC2BBDE0D1005DF4FD /* myPedometerDebug.entitlements */ = {isa = PBXFileReference; lastKnownFileType = text.plist.entitlements; path = myPedometerDebug.entitlements; sourceTree = "<group>"; };
		3A5C1AAD2BBDFF9A005DF4FD /* GoalUpdateView.swift */ = {isa = PBXFileReference; lastKnownFileType = sourcecode.swift; path = GoalUpdateView.swift; sourceTree = "<group>"; };
		3A6569992BB661AB00E609D7 /* StepsModel.xcdatamodel */ = {isa = PBXFileReference; explicitFileType = wrapper.xcdatamodel; path = StepsModel.xcdatamodel; sourceTree = "<group>"; };
		3A85835A2BB4A23B00B14956 /* User+CoreDataClass.swift */ = {isa = PBXFileReference; lastKnownFileType = sourcecode.swift; path = "User+CoreDataClass.swift"; sourceTree = "<group>"; };
		3A85835B2BB4A23B00B14956 /* User+CoreDataProperties.swift */ = {isa = PBXFileReference; lastKnownFileType = sourcecode.swift; path = "User+CoreDataProperties.swift"; sourceTree = "<group>"; };
		3A870D242BAF8F25000F4D1E /* DismissKeyboardOnTap.swift */ = {isa = PBXFileReference; lastKnownFileType = sourcecode.swift; path = DismissKeyboardOnTap.swift; sourceTree = "<group>"; };
		3A870D292BB0FBFF000F4D1E /* ChallengeStatus.swift */ = {isa = PBXFileReference; lastKnownFileType = sourcecode.swift; path = ChallengeStatus.swift; sourceTree = "<group>"; };
		3A870D2B2BB0FC1B000F4D1E /* DummyChallenge.swift */ = {isa = PBXFileReference; lastKnownFileType = sourcecode.swift; path = DummyChallenge.swift; sourceTree = "<group>"; };
		3A870D2D2BB0FC72000F4D1E /* PendingChallengesView.swift */ = {isa = PBXFileReference; lastKnownFileType = sourcecode.swift; path = PendingChallengesView.swift; sourceTree = "<group>"; };
		3A870D2F2BB0FCAD000F4D1E /* ActiveChallengesView.swift */ = {isa = PBXFileReference; lastKnownFileType = sourcecode.swift; path = ActiveChallengesView.swift; sourceTree = "<group>"; };
		3A870D312BB0FCD8000F4D1E /* PastChallengesView.swift */ = {isa = PBXFileReference; lastKnownFileType = sourcecode.swift; path = PastChallengesView.swift; sourceTree = "<group>"; };
		3A870D332BB0FD1E000F4D1E /* LiveChallengeView.swift */ = {isa = PBXFileReference; lastKnownFileType = sourcecode.swift; path = LiveChallengeView.swift; sourceTree = "<group>"; };
		3A870D352BB0FD54000F4D1E /* CreateChallengeView.swift */ = {isa = PBXFileReference; lastKnownFileType = sourcecode.swift; path = CreateChallengeView.swift; sourceTree = "<group>"; };
		3A8F0D6D2BAB4EA9004D1AE8 /* AppDelegate.swift */ = {isa = PBXFileReference; lastKnownFileType = sourcecode.swift; path = AppDelegate.swift; sourceTree = "<group>"; };
		3AB190612BB5DA890049D672 /* SceneDelegate.swift */ = {isa = PBXFileReference; lastKnownFileType = sourcecode.swift; path = SceneDelegate.swift; sourceTree = "<group>"; };
		3AB190642BB609B20049D672 /* HapticFeedbackProvider.swift */ = {isa = PBXFileReference; lastKnownFileType = sourcecode.swift; path = HapticFeedbackProvider.swift; sourceTree = "<group>"; };
		3ABAB32B2B622AA400E174D3 /* HourlyStepData+CoreDataClass.swift */ = {isa = PBXFileReference; lastKnownFileType = sourcecode.swift; path = "HourlyStepData+CoreDataClass.swift"; sourceTree = "<group>"; };
		3ABAB32C2B622AA400E174D3 /* HourlyStepData+CoreDataProperties.swift */ = {isa = PBXFileReference; lastKnownFileType = sourcecode.swift; path = "HourlyStepData+CoreDataProperties.swift"; sourceTree = "<group>"; };
		3ABAB32F2B6230C600E174D3 /* HourlySteps.swift */ = {isa = PBXFileReference; lastKnownFileType = sourcecode.swift; path = HourlySteps.swift; sourceTree = "<group>"; };
		3ABAB3312B62C3C800E174D3 /* StatViewModel.swift */ = {isa = PBXFileReference; lastKnownFileType = sourcecode.swift; path = StatViewModel.swift; sourceTree = "<group>"; };
		3ABAFB7B2B63133600BC0C9F /* DetailData.swift */ = {isa = PBXFileReference; lastKnownFileType = sourcecode.swift; path = DetailData.swift; sourceTree = "<group>"; };
		3AC0CEC02B66CC5900A56554 /* HourlyStepsChart.swift */ = {isa = PBXFileReference; lastKnownFileType = sourcecode.swift; path = HourlyStepsChart.swift; sourceTree = "<group>"; };
		3AC0CEC22B66CCB000A56554 /* CustomProgressView.swift */ = {isa = PBXFileReference; lastKnownFileType = sourcecode.swift; path = CustomProgressView.swift; sourceTree = "<group>"; };
		3AC0CEC42B66CE8F00A56554 /* GoalStatusView.swift */ = {isa = PBXFileReference; lastKnownFileType = sourcecode.swift; path = GoalStatusView.swift; sourceTree = "<group>"; };
		3AC0CEC82B66D1B300A56554 /* SetUpProfileView.swift */ = {isa = PBXFileReference; lastKnownFileType = sourcecode.swift; path = SetUpProfileView.swift; sourceTree = "<group>"; };
		3AC0CECC2B6730DE00A56554 /* Info.plist */ = {isa = PBXFileReference; lastKnownFileType = text.plist; path = Info.plist; sourceTree = "<group>"; };
		3ACF747B2BAA1C8B00EB37A5 /* ParticipantDetails.swift */ = {isa = PBXFileReference; lastKnownFileType = sourcecode.swift; path = ParticipantDetails.swift; sourceTree = "<group>"; };
		3ACF747D2BAA22C700EB37A5 /* SharedChallengeDetailView.swift */ = {isa = PBXFileReference; lastKnownFileType = sourcecode.swift; path = SharedChallengeDetailView.swift; sourceTree = "<group>"; };
		3ACFDA112B6814D70087DBA6 /* UserDefaultsHandler.swift */ = {isa = PBXFileReference; lastKnownFileType = sourcecode.swift; path = UserDefaultsHandler.swift; sourceTree = "<group>"; };
		3AD6F9172B618FA700923DFC /* myPedometer.app */ = {isa = PBXFileReference; explicitFileType = wrapper.application; includeInIndex = 0; path = myPedometer.app; sourceTree = BUILT_PRODUCTS_DIR; };
		3AD6F91A2B618FA700923DFC /* myPedometerApp.swift */ = {isa = PBXFileReference; lastKnownFileType = sourcecode.swift; path = myPedometerApp.swift; sourceTree = "<group>"; };
		3AD6F91C2B618FA700923DFC /* ContentView.swift */ = {isa = PBXFileReference; lastKnownFileType = sourcecode.swift; path = ContentView.swift; sourceTree = "<group>"; };
		3AD6F9202B618FA900923DFC /* Assets.xcassets */ = {isa = PBXFileReference; lastKnownFileType = folder.assetcatalog; path = Assets.xcassets; sourceTree = "<group>"; };
		3AD6F9232B618FA900923DFC /* Preview Assets.xcassets */ = {isa = PBXFileReference; lastKnownFileType = folder.assetcatalog; path = "Preview Assets.xcassets"; sourceTree = "<group>"; };
		3AD6F9292B618FA900923DFC /* myPedometerTests.xctest */ = {isa = PBXFileReference; explicitFileType = wrapper.cfbundle; includeInIndex = 0; path = myPedometerTests.xctest; sourceTree = BUILT_PRODUCTS_DIR; };
		3AD6F92D2B618FA900923DFC /* myPedometerTests.swift */ = {isa = PBXFileReference; lastKnownFileType = sourcecode.swift; path = myPedometerTests.swift; sourceTree = "<group>"; };
		3AD6F9332B618FA900923DFC /* myPedometerUITests.xctest */ = {isa = PBXFileReference; explicitFileType = wrapper.cfbundle; includeInIndex = 0; path = myPedometerUITests.xctest; sourceTree = BUILT_PRODUCTS_DIR; };
		3AD6F9372B618FA900923DFC /* myPedometerUITests.swift */ = {isa = PBXFileReference; lastKnownFileType = sourcecode.swift; path = myPedometerUITests.swift; sourceTree = "<group>"; };
		3AD6F9392B618FA900923DFC /* myPedometerUITestsLaunchTests.swift */ = {isa = PBXFileReference; lastKnownFileType = sourcecode.swift; path = myPedometerUITestsLaunchTests.swift; sourceTree = "<group>"; };
		3AD6F9462B618FF900923DFC /* PersistenceController.swift */ = {isa = PBXFileReference; lastKnownFileType = sourcecode.swift; path = PersistenceController.swift; sourceTree = "<group>"; };
		3AD6F94A2B61901300923DFC /* WeekView.swift */ = {isa = PBXFileReference; lastKnownFileType = sourcecode.swift; path = WeekView.swift; sourceTree = "<group>"; };
		3AD6F94C2B61902800923DFC /* DetailView.swift */ = {isa = PBXFileReference; lastKnownFileType = sourcecode.swift; path = DetailView.swift; sourceTree = "<group>"; };
		3AD6F94E2B61903F00923DFC /* PedometerManager.swift */ = {isa = PBXFileReference; lastKnownFileType = sourcecode.swift; path = PedometerManager.swift; sourceTree = "<group>"; };
		3AD6F9512B6190AC00923DFC /* StepDataViewModel.swift */ = {isa = PBXFileReference; lastKnownFileType = sourcecode.swift; path = StepDataViewModel.swift; sourceTree = "<group>"; };
		3AD6F9582B61983500923DFC /* DailyLog+CoreDataClass.swift */ = {isa = PBXFileReference; lastKnownFileType = sourcecode.swift; path = "DailyLog+CoreDataClass.swift"; sourceTree = "<group>"; };
		3AD6F9592B61983500923DFC /* DailyLog+CoreDataProperties.swift */ = {isa = PBXFileReference; lastKnownFileType = sourcecode.swift; path = "DailyLog+CoreDataProperties.swift"; sourceTree = "<group>"; };
		3AD6F95D2B619BB200923DFC /* DayCardView.swift */ = {isa = PBXFileReference; lastKnownFileType = sourcecode.swift; path = DayCardView.swift; sourceTree = "<group>"; };
		3AD6F9662B61AC7800923DFC /* PedometerDataStore.swift */ = {isa = PBXFileReference; lastKnownFileType = sourcecode.swift; path = PedometerDataStore.swift; sourceTree = "<group>"; };
		3AD6F9682B61E6D700923DFC /* ProgressCircleView.swift */ = {isa = PBXFileReference; lastKnownFileType = sourcecode.swift; path = ProgressCircleView.swift; sourceTree = "<group>"; };
		3AD6F9702B62029900923DFC /* MockPedometerDataProvider.swift */ = {isa = PBXFileReference; lastKnownFileType = sourcecode.swift; path = MockPedometerDataProvider.swift; sourceTree = "<group>"; };
		3AD6F9722B62059800923DFC /* PedometerProviderTests.swift */ = {isa = PBXFileReference; lastKnownFileType = sourcecode.swift; path = PedometerProviderTests.swift; sourceTree = "<group>"; };
		3AD6F9742B62079200923DFC /* PedometerDataStoreTests.swift */ = {isa = PBXFileReference; lastKnownFileType = sourcecode.swift; path = PedometerDataStoreTests.swift; sourceTree = "<group>"; };
/* End PBXFileReference section */

/* Begin PBXFrameworksBuildPhase section */
		3AD6F9142B618FA700923DFC /* Frameworks */ = {
			isa = PBXFrameworksBuildPhase;
			buildActionMask = 2147483647;
			files = (
			);
			runOnlyForDeploymentPostprocessing = 0;
		};
		3AD6F9262B618FA900923DFC /* Frameworks */ = {
			isa = PBXFrameworksBuildPhase;
			buildActionMask = 2147483647;
			files = (
			);
			runOnlyForDeploymentPostprocessing = 0;
		};
		3AD6F9302B618FA900923DFC /* Frameworks */ = {
			isa = PBXFrameworksBuildPhase;
			buildActionMask = 2147483647;
			files = (
			);
			runOnlyForDeploymentPostprocessing = 0;
		};
/* End PBXFrameworksBuildPhase section */

/* Begin PBXGroup section */
		3A41765E2BA390D500F89254 /* Admin */ = {
			isa = PBXGroup;
			children = (
				3A41765C2BA3909500F89254 /* OnboardingView.swift */,
				3A4176652BA3ADD500F89254 /* SignInView.swift */,
				3A0ADE452B9F901100A2D9D4 /* CustomTabBarView.swift */,
				3AC0CEC82B66D1B300A56554 /* SetUpProfileView.swift */,
			);
			path = Admin;
			sourceTree = "<group>";
		};
		3A4176602BA3911D00F89254 /* ViewModels */ = {
			isa = PBXGroup;
			children = (
				3AD6F9512B6190AC00923DFC /* StepDataViewModel.swift */,
				3A41766F2BA603F700F89254 /* ChallengeViewModel.swift */,
				3ABAB3312B62C3C800E174D3 /* StatViewModel.swift */,
			);
			path = ViewModels;
			sourceTree = "<group>";
		};
		3A4176712BA6050500F89254 /* Persistence */ = {
			isa = PBXGroup;
			children = (
				3AD6F9462B618FF900923DFC /* PersistenceController.swift */,
				3ACFDA112B6814D70087DBA6 /* UserDefaultsHandler.swift */,
			);
			path = Persistence;
			sourceTree = "<group>";
		};
		3A870D262BB0FA7F000F4D1E /* Challenge */ = {
			isa = PBXGroup;
			children = (
				3A23206F2BA26CF400D1851F /* MainChallengeView.swift */,
				3A870D2D2BB0FC72000F4D1E /* PendingChallengesView.swift */,
				3A870D2F2BB0FCAD000F4D1E /* ActiveChallengesView.swift */,
				3A870D332BB0FD1E000F4D1E /* LiveChallengeView.swift */,
				3A870D312BB0FCD8000F4D1E /* PastChallengesView.swift */,
				3A870D352BB0FD54000F4D1E /* CreateChallengeView.swift */,
				3A870D292BB0FBFF000F4D1E /* ChallengeStatus.swift */,
				3A4176822BA8E1D000F89254 /* CustomShareView.swift */,
				3ACF747D2BAA22C700EB37A5 /* SharedChallengeDetailView.swift */,
			);
			path = Challenge;
			sourceTree = "<group>";
		};
		3A870D272BB0FA8E000F4D1E /* Today */ = {
			isa = PBXGroup;
			children = (
				3A2320682B9FBB5D00D1851F /* TodayView.swift */,
				3A5C1AAD2BBDFF9A005DF4FD /* GoalUpdateView.swift */,
				3A41766B2BA503B100F89254 /* ProfileView.swift */,
				3A41766D2BA503DA00F89254 /* ImagePicker.swift */,
			);
			path = Today;
			sourceTree = "<group>";
		};
		3A870D282BB0FAAC000F4D1E /* Awards+Stats */ = {
			isa = PBXGroup;
			children = (
				3A23206A2BA1DECE00D1851F /* AwardsView.swift */,
				3AD6F94A2B61901300923DFC /* WeekView.swift */,
				3AD6F95D2B619BB200923DFC /* DayCardView.swift */,
				3AD6F94C2B61902800923DFC /* DetailView.swift */,
			);
			path = "Awards+Stats";
			sourceTree = "<group>";
		};
		3A870D372BB3554C000F4D1E /* CoreMotion */ = {
			isa = PBXGroup;
			children = (
				3AD6F94E2B61903F00923DFC /* PedometerManager.swift */,
				3A0BB5AB2B6933BF008C616E /* PedometerDataProcessor.swift */,
				3AD6F9662B61AC7800923DFC /* PedometerDataStore.swift */,
				3AD6F9702B62029900923DFC /* MockPedometerDataProvider.swift */,
			);
			path = CoreMotion;
			sourceTree = "<group>";
		};
		3AC0CEC62B66D02300A56554 /* Home */ = {
			isa = PBXGroup;
			children = (
				3A41765E2BA390D500F89254 /* Admin */,
				3A870D272BB0FA8E000F4D1E /* Today */,
				3A870D282BB0FAAC000F4D1E /* Awards+Stats */,
				3A870D262BB0FA7F000F4D1E /* Challenge */,
				3AD6F96A2B61EF2B00923DFC /* ProgressViews */,
			);
			path = Home;
			sourceTree = "<group>";
		};
		3AC0CEC72B66D07A00A56554 /* Core Data */ = {
			isa = PBXGroup;
			children = (
				3A5C1AA82BBC6161005DF4FD /* Challenge+CoreDataClass.swift */,
				3A5C1AA92BBC6161005DF4FD /* Challenge+CoreDataProperties.swift */,
				3A85835A2BB4A23B00B14956 /* User+CoreDataClass.swift */,
				3A85835B2BB4A23B00B14956 /* User+CoreDataProperties.swift */,
				3ABAB32C2B622AA400E174D3 /* HourlyStepData+CoreDataProperties.swift */,
				3AD6F9592B61983500923DFC /* DailyLog+CoreDataProperties.swift */,
				3ABAB32B2B622AA400E174D3 /* HourlyStepData+CoreDataClass.swift */,
				3AD6F9582B61983500923DFC /* DailyLog+CoreDataClass.swift */,
				3A6569982BB661AB00E609D7 /* StepsModel.xcdatamodeld */,
			);
			path = "Core Data";
			sourceTree = "<group>";
		};
		3AD6F90E2B618FA700923DFC = {
			isa = PBXGroup;
			children = (
				3AD6F9192B618FA700923DFC /* myPedometer */,
				3AD6F92C2B618FA900923DFC /* myPedometerTests */,
				3AD6F9362B618FA900923DFC /* myPedometerUITests */,
				3AD6F9182B618FA700923DFC /* Products */,
			);
			sourceTree = "<group>";
		};
		3AD6F9182B618FA700923DFC /* Products */ = {
			isa = PBXGroup;
			children = (
				3AD6F9172B618FA700923DFC /* myPedometer.app */,
				3AD6F9292B618FA900923DFC /* myPedometerTests.xctest */,
				3AD6F9332B618FA900923DFC /* myPedometerUITests.xctest */,
			);
			name = Products;
			sourceTree = "<group>";
		};
		3AD6F9192B618FA700923DFC /* myPedometer */ = {
			isa = PBXGroup;
			children = (
				3A5C1AAC2BBDE0D1005DF4FD /* myPedometerDebug.entitlements */,
				3A2320712BA37C4700D1851F /* myPedometer.entitlements */,
				3AC0CECC2B6730DE00A56554 /* Info.plist */,
				3AD6F91A2B618FA700923DFC /* myPedometerApp.swift */,
				3AD6F91C2B618FA700923DFC /* ContentView.swift */,
				3A8F0D6D2BAB4EA9004D1AE8 /* AppDelegate.swift */,
				3A4176612BA3915A00F89254 /* AppState.swift */,
				3AB190612BB5DA890049D672 /* SceneDelegate.swift */,
				3AC0CEC62B66D02300A56554 /* Home */,
				3A4176602BA3911D00F89254 /* ViewModels */,
				3AD6F9502B61904600923DFC /* Data Management */,
				3AD6F95C2B61988800923DFC /* Models */,
				3AD6F95F2B619C3900923DFC /* Supporting Files */,
				3AD6F9202B618FA900923DFC /* Assets.xcassets */,
				3AD6F9222B618FA900923DFC /* Preview Content */,
			);
			path = myPedometer;
			sourceTree = "<group>";
		};
		3AD6F9222B618FA900923DFC /* Preview Content */ = {
			isa = PBXGroup;
			children = (
				3AD6F9232B618FA900923DFC /* Preview Assets.xcassets */,
			);
			path = "Preview Content";
			sourceTree = "<group>";
		};
		3AD6F92C2B618FA900923DFC /* myPedometerTests */ = {
			isa = PBXGroup;
			children = (
				3AD6F92D2B618FA900923DFC /* myPedometerTests.swift */,
				3AD6F9742B62079200923DFC /* PedometerDataStoreTests.swift */,
				3A0BB5AD2B694EC4008C616E /* PedometerDataProcessor.swift */,
				3A0BB5A52B68A3A5008C616E /* StepDataViewModelTests.swift */,
				3A0BB5A92B68BB29008C616E /* DetailViewModelTests.swift */,
				3AD6F9722B62059800923DFC /* PedometerProviderTests.swift */,
			);
			path = myPedometerTests;
			sourceTree = "<group>";
		};
		3AD6F9362B618FA900923DFC /* myPedometerUITests */ = {
			isa = PBXGroup;
			children = (
				3AD6F9372B618FA900923DFC /* myPedometerUITests.swift */,
				3AD6F9392B618FA900923DFC /* myPedometerUITestsLaunchTests.swift */,
			);
			path = myPedometerUITests;
			sourceTree = "<group>";
		};
		3AD6F9502B61904600923DFC /* Data Management */ = {
			isa = PBXGroup;
			children = (
				3A4176632BA3936D00F89254 /* UserSettingsManager.swift */,
				3A4176722BA6053500F89254 /* CloudKitManager.swift */,
				3A4176712BA6050500F89254 /* Persistence */,
				3A870D372BB3554C000F4D1E /* CoreMotion */,
				3AC0CEC72B66D07A00A56554 /* Core Data */,
			);
			path = "Data Management";
			sourceTree = "<group>";
		};
		3AD6F95C2B61988800923DFC /* Models */ = {
			isa = PBXGroup;
			children = (
				3ABAB32F2B6230C600E174D3 /* HourlySteps.swift */,
				3ABAFB7B2B63133600BC0C9F /* DetailData.swift */,
				3A4176802BA8DC7300F89254 /* ChallengeDetails.swift */,
				3ACF747B2BAA1C8B00EB37A5 /* ParticipantDetails.swift */,
				3A870D2B2BB0FC1B000F4D1E /* DummyChallenge.swift */,
			);
			path = Models;
			sourceTree = "<group>";
		};
		3AD6F95F2B619C3900923DFC /* Supporting Files */ = {
			isa = PBXGroup;
			children = (
				3A16B5462B65F9CB007BD5F6 /* DateFormatterService.swift */,
				3AB190642BB609B20049D672 /* HapticFeedbackProvider.swift */,
				3A870D242BAF8F25000F4D1E /* DismissKeyboardOnTap.swift */,
				3A23206C2BA2403300D1851F /* AppTheme.swift */,
				3A0BB5A72B68A63C008C616E /* UserFriendlyError.swift */,
			);
			path = "Supporting Files";
			sourceTree = "<group>";
		};
		3AD6F96A2B61EF2B00923DFC /* ProgressViews */ = {
			isa = PBXGroup;
			children = (
				3A17D5512B9D3B4E00D74874 /* BarGoalView.swift */,
				3AC0CEC22B66CCB000A56554 /* CustomProgressView.swift */,
				3AD6F9682B61E6D700923DFC /* ProgressCircleView.swift */,
				3AC0CEC42B66CE8F00A56554 /* GoalStatusView.swift */,
				3AC0CEC02B66CC5900A56554 /* HourlyStepsChart.swift */,
			);
			path = ProgressViews;
			sourceTree = "<group>";
		};
/* End PBXGroup section */

/* Begin PBXNativeTarget section */
		3AD6F9162B618FA700923DFC /* myPedometer */ = {
			isa = PBXNativeTarget;
			buildConfigurationList = 3AD6F93D2B618FA900923DFC /* Build configuration list for PBXNativeTarget "myPedometer" */;
			buildPhases = (
				3AD6F9132B618FA700923DFC /* Sources */,
				3AD6F9142B618FA700923DFC /* Frameworks */,
				3AD6F9152B618FA700923DFC /* Resources */,
			);
			buildRules = (
			);
			dependencies = (
			);
			name = myPedometer;
			productName = myPedometer;
			productReference = 3AD6F9172B618FA700923DFC /* myPedometer.app */;
			productType = "com.apple.product-type.application";
		};
		3AD6F9282B618FA900923DFC /* myPedometerTests */ = {
			isa = PBXNativeTarget;
			buildConfigurationList = 3AD6F9402B618FA900923DFC /* Build configuration list for PBXNativeTarget "myPedometerTests" */;
			buildPhases = (
				3AD6F9252B618FA900923DFC /* Sources */,
				3AD6F9262B618FA900923DFC /* Frameworks */,
				3AD6F9272B618FA900923DFC /* Resources */,
			);
			buildRules = (
			);
			dependencies = (
				3AD6F92B2B618FA900923DFC /* PBXTargetDependency */,
			);
			name = myPedometerTests;
			productName = myPedometerTests;
			productReference = 3AD6F9292B618FA900923DFC /* myPedometerTests.xctest */;
			productType = "com.apple.product-type.bundle.unit-test";
		};
		3AD6F9322B618FA900923DFC /* myPedometerUITests */ = {
			isa = PBXNativeTarget;
			buildConfigurationList = 3AD6F9432B618FA900923DFC /* Build configuration list for PBXNativeTarget "myPedometerUITests" */;
			buildPhases = (
				3AD6F92F2B618FA900923DFC /* Sources */,
				3AD6F9302B618FA900923DFC /* Frameworks */,
				3AD6F9312B618FA900923DFC /* Resources */,
			);
			buildRules = (
			);
			dependencies = (
				3AD6F9352B618FA900923DFC /* PBXTargetDependency */,
			);
			name = myPedometerUITests;
			productName = myPedometerUITests;
			productReference = 3AD6F9332B618FA900923DFC /* myPedometerUITests.xctest */;
			productType = "com.apple.product-type.bundle.ui-testing";
		};
/* End PBXNativeTarget section */

/* Begin PBXProject section */
		3AD6F90F2B618FA700923DFC /* Project object */ = {
			isa = PBXProject;
			attributes = {
				BuildIndependentTargetsInParallel = 1;
				LastSwiftUpdateCheck = 1500;
				LastUpgradeCheck = 1500;
				TargetAttributes = {
					3AD6F9162B618FA700923DFC = {
						CreatedOnToolsVersion = 15.0.1;
					};
					3AD6F9282B618FA900923DFC = {
						CreatedOnToolsVersion = 15.0.1;
						TestTargetID = 3AD6F9162B618FA700923DFC;
					};
					3AD6F9322B618FA900923DFC = {
						CreatedOnToolsVersion = 15.0.1;
						TestTargetID = 3AD6F9162B618FA700923DFC;
					};
				};
			};
			buildConfigurationList = 3AD6F9122B618FA700923DFC /* Build configuration list for PBXProject "myPedometer" */;
			compatibilityVersion = "Xcode 14.0";
			developmentRegion = en;
			hasScannedForEncodings = 0;
			knownRegions = (
				en,
				Base,
			);
			mainGroup = 3AD6F90E2B618FA700923DFC;
			productRefGroup = 3AD6F9182B618FA700923DFC /* Products */;
			projectDirPath = "";
			projectRoot = "";
			targets = (
				3AD6F9162B618FA700923DFC /* myPedometer */,
				3AD6F9282B618FA900923DFC /* myPedometerTests */,
				3AD6F9322B618FA900923DFC /* myPedometerUITests */,
			);
		};
/* End PBXProject section */

/* Begin PBXResourcesBuildPhase section */
		3AD6F9152B618FA700923DFC /* Resources */ = {
			isa = PBXResourcesBuildPhase;
			buildActionMask = 2147483647;
			files = (
				3AD6F9242B618FA900923DFC /* Preview Assets.xcassets in Resources */,
				3AD6F9212B618FA900923DFC /* Assets.xcassets in Resources */,
			);
			runOnlyForDeploymentPostprocessing = 0;
		};
		3AD6F9272B618FA900923DFC /* Resources */ = {
			isa = PBXResourcesBuildPhase;
			buildActionMask = 2147483647;
			files = (
			);
			runOnlyForDeploymentPostprocessing = 0;
		};
		3AD6F9312B618FA900923DFC /* Resources */ = {
			isa = PBXResourcesBuildPhase;
			buildActionMask = 2147483647;
			files = (
			);
			runOnlyForDeploymentPostprocessing = 0;
		};
/* End PBXResourcesBuildPhase section */

/* Begin PBXSourcesBuildPhase section */
		3AD6F9132B618FA700923DFC /* Sources */ = {
			isa = PBXSourcesBuildPhase;
			buildActionMask = 2147483647;
			files = (
				3A4176732BA6053500F89254 /* CloudKitManager.swift in Sources */,
				3ABAB32E2B622AA400E174D3 /* HourlyStepData+CoreDataProperties.swift in Sources */,
				3A2320692B9FBB5D00D1851F /* TodayView.swift in Sources */,
				3AD6F91D2B618FA700923DFC /* ContentView.swift in Sources */,
				3AD6F94F2B61903F00923DFC /* PedometerManager.swift in Sources */,
				3A23206B2BA1DECE00D1851F /* AwardsView.swift in Sources */,
				3AC0CEC12B66CC5900A56554 /* HourlyStepsChart.swift in Sources */,
				3A0BB5AC2B6933BF008C616E /* PedometerDataProcessor.swift in Sources */,
				3A870D252BAF8F25000F4D1E /* DismissKeyboardOnTap.swift in Sources */,
				3A5C1AAE2BBDFF9A005DF4FD /* GoalUpdateView.swift in Sources */,
				3ABAB3302B6230C600E174D3 /* HourlySteps.swift in Sources */,
				3AD6F94D2B61902800923DFC /* DetailView.swift in Sources */,
				3ACF747C2BAA1C8B00EB37A5 /* ParticipantDetails.swift in Sources */,
				3AB190652BB609B20049D672 /* HapticFeedbackProvider.swift in Sources */,
				3A4176702BA603F700F89254 /* ChallengeViewModel.swift in Sources */,
				3A870D2C2BB0FC1B000F4D1E /* DummyChallenge.swift in Sources */,
				3A16B5472B65F9CB007BD5F6 /* DateFormatterService.swift in Sources */,
				3AB190622BB5DA890049D672 /* SceneDelegate.swift in Sources */,
				3A0BB5A82B68A63C008C616E /* UserFriendlyError.swift in Sources */,
				3ACF747E2BAA22C700EB37A5 /* SharedChallengeDetailView.swift in Sources */,
				3A4176662BA3ADD500F89254 /* SignInView.swift in Sources */,
				3A870D322BB0FCD8000F4D1E /* PastChallengesView.swift in Sources */,
				3A870D2A2BB0FBFF000F4D1E /* ChallengeStatus.swift in Sources */,
				3AC0CEC52B66CE8F00A56554 /* GoalStatusView.swift in Sources */,
				3A41766C2BA503B200F89254 /* ProfileView.swift in Sources */,
				3AD6F9522B6190AC00923DFC /* StepDataViewModel.swift in Sources */,
				3ABAFB7C2B63133600BC0C9F /* DetailData.swift in Sources */,
				3AD6F91B2B618FA700923DFC /* myPedometerApp.swift in Sources */,
				3ABAB3322B62C3C800E174D3 /* StatViewModel.swift in Sources */,
				3AD6F95B2B61983500923DFC /* DailyLog+CoreDataProperties.swift in Sources */,
				3A0ADE462B9F901100A2D9D4 /* CustomTabBarView.swift in Sources */,
				3A17D5522B9D3B4E00D74874 /* BarGoalView.swift in Sources */,
				3A41765D2BA3909500F89254 /* OnboardingView.swift in Sources */,
				3A870D342BB0FD1E000F4D1E /* LiveChallengeView.swift in Sources */,
				3ABAB32D2B622AA400E174D3 /* HourlyStepData+CoreDataClass.swift in Sources */,
				3AC0CEC92B66D1B300A56554 /* SetUpProfileView.swift in Sources */,
				3AC0CEC32B66CCB000A56554 /* CustomProgressView.swift in Sources */,
				3ACFDA122B6814D70087DBA6 /* UserDefaultsHandler.swift in Sources */,
				3A41766E2BA503DA00F89254 /* ImagePicker.swift in Sources */,
				3AD6F9472B618FF900923DFC /* PersistenceController.swift in Sources */,
				3A870D302BB0FCAD000F4D1E /* ActiveChallengesView.swift in Sources */,
				3AD6F94B2B61901300923DFC /* WeekView.swift in Sources */,
				3A8F0D6E2BAB4EA9004D1AE8 /* AppDelegate.swift in Sources */,
				3A5C1AAB2BBC6161005DF4FD /* Challenge+CoreDataProperties.swift in Sources */,
				3A85835F2BB4A23B00B14956 /* User+CoreDataProperties.swift in Sources */,
				3A4176642BA3936D00F89254 /* UserSettingsManager.swift in Sources */,
				3A2320702BA26CF400D1851F /* MainChallengeView.swift in Sources */,
				3A4176622BA3915A00F89254 /* AppState.swift in Sources */,
				3AD6F9672B61AC7800923DFC /* PedometerDataStore.swift in Sources */,
				3A870D2E2BB0FC72000F4D1E /* PendingChallengesView.swift in Sources */,
				3A4176832BA8E1D000F89254 /* CustomShareView.swift in Sources */,
				3AD6F9692B61E6D700923DFC /* ProgressCircleView.swift in Sources */,
				3A85835E2BB4A23B00B14956 /* User+CoreDataClass.swift in Sources */,
				3AD6F95E2B619BB200923DFC /* DayCardView.swift in Sources */,
				3A23206D2BA2403300D1851F /* AppTheme.swift in Sources */,
				3A65699A2BB661AB00E609D7 /* StepsModel.xcdatamodeld in Sources */,
				3AD6F95A2B61983500923DFC /* DailyLog+CoreDataClass.swift in Sources */,
				3A4176812BA8DC7300F89254 /* ChallengeDetails.swift in Sources */,
				3A870D362BB0FD54000F4D1E /* CreateChallengeView.swift in Sources */,
				3AD6F9712B62029900923DFC /* MockPedometerDataProvider.swift in Sources */,
				3A5C1AAA2BBC6161005DF4FD /* Challenge+CoreDataClass.swift in Sources */,
			);
			runOnlyForDeploymentPostprocessing = 0;
		};
		3AD6F9252B618FA900923DFC /* Sources */ = {
			isa = PBXSourcesBuildPhase;
			buildActionMask = 2147483647;
			files = (
				3A0BB5A62B68A3A5008C616E /* StepDataViewModelTests.swift in Sources */,
				3A0BB5AA2B68BB29008C616E /* DetailViewModelTests.swift in Sources */,
				3AD6F9752B62079200923DFC /* PedometerDataStoreTests.swift in Sources */,
				3AD6F9732B62059800923DFC /* PedometerProviderTests.swift in Sources */,
				3A0BB5AE2B694EC4008C616E /* PedometerDataProcessor.swift in Sources */,
				3AD6F92E2B618FA900923DFC /* myPedometerTests.swift in Sources */,
			);
			runOnlyForDeploymentPostprocessing = 0;
		};
		3AD6F92F2B618FA900923DFC /* Sources */ = {
			isa = PBXSourcesBuildPhase;
			buildActionMask = 2147483647;
			files = (
				3AD6F93A2B618FA900923DFC /* myPedometerUITestsLaunchTests.swift in Sources */,
				3AD6F9382B618FA900923DFC /* myPedometerUITests.swift in Sources */,
			);
			runOnlyForDeploymentPostprocessing = 0;
		};
/* End PBXSourcesBuildPhase section */

/* Begin PBXTargetDependency section */
		3AD6F92B2B618FA900923DFC /* PBXTargetDependency */ = {
			isa = PBXTargetDependency;
			target = 3AD6F9162B618FA700923DFC /* myPedometer */;
			targetProxy = 3AD6F92A2B618FA900923DFC /* PBXContainerItemProxy */;
		};
		3AD6F9352B618FA900923DFC /* PBXTargetDependency */ = {
			isa = PBXTargetDependency;
			target = 3AD6F9162B618FA700923DFC /* myPedometer */;
			targetProxy = 3AD6F9342B618FA900923DFC /* PBXContainerItemProxy */;
		};
/* End PBXTargetDependency section */

/* Begin XCBuildConfiguration section */
		3AD6F93B2B618FA900923DFC /* Debug */ = {
			isa = XCBuildConfiguration;
			buildSettings = {
				ALWAYS_SEARCH_USER_PATHS = NO;
				ASSETCATALOG_COMPILER_GENERATE_SWIFT_ASSET_SYMBOL_EXTENSIONS = YES;
				CLANG_ANALYZER_NONNULL = YES;
				CLANG_ANALYZER_NUMBER_OBJECT_CONVERSION = YES_AGGRESSIVE;
				CLANG_CXX_LANGUAGE_STANDARD = "gnu++20";
				CLANG_ENABLE_MODULES = YES;
				CLANG_ENABLE_OBJC_ARC = YES;
				CLANG_ENABLE_OBJC_WEAK = YES;
				CLANG_WARN_BLOCK_CAPTURE_AUTORELEASING = YES;
				CLANG_WARN_BOOL_CONVERSION = YES;
				CLANG_WARN_COMMA = YES;
				CLANG_WARN_CONSTANT_CONVERSION = YES;
				CLANG_WARN_DEPRECATED_OBJC_IMPLEMENTATIONS = YES;
				CLANG_WARN_DIRECT_OBJC_ISA_USAGE = YES_ERROR;
				CLANG_WARN_DOCUMENTATION_COMMENTS = YES;
				CLANG_WARN_EMPTY_BODY = YES;
				CLANG_WARN_ENUM_CONVERSION = YES;
				CLANG_WARN_INFINITE_RECURSION = YES;
				CLANG_WARN_INT_CONVERSION = YES;
				CLANG_WARN_NON_LITERAL_NULL_CONVERSION = YES;
				CLANG_WARN_OBJC_IMPLICIT_RETAIN_SELF = YES;
				CLANG_WARN_OBJC_LITERAL_CONVERSION = YES;
				CLANG_WARN_OBJC_ROOT_CLASS = YES_ERROR;
				CLANG_WARN_QUOTED_INCLUDE_IN_FRAMEWORK_HEADER = YES;
				CLANG_WARN_RANGE_LOOP_ANALYSIS = YES;
				CLANG_WARN_STRICT_PROTOTYPES = YES;
				CLANG_WARN_SUSPICIOUS_MOVE = YES;
				CLANG_WARN_UNGUARDED_AVAILABILITY = YES_AGGRESSIVE;
				CLANG_WARN_UNREACHABLE_CODE = YES;
				CLANG_WARN__DUPLICATE_METHOD_MATCH = YES;
				COPY_PHASE_STRIP = NO;
				DEBUG_INFORMATION_FORMAT = dwarf;
				ENABLE_APP_SANDBOX = NO;
				ENABLE_STRICT_OBJC_MSGSEND = YES;
				ENABLE_TESTABILITY = YES;
				ENABLE_USER_SCRIPT_SANDBOXING = YES;
				ENABLE_USER_SELECTED_FILES = readwrite;
				GCC_C_LANGUAGE_STANDARD = gnu17;
				GCC_DYNAMIC_NO_PIC = NO;
				GCC_NO_COMMON_BLOCKS = YES;
				GCC_OPTIMIZATION_LEVEL = 0;
				GCC_PREPROCESSOR_DEFINITIONS = (
					"DEBUG=1",
					"$(inherited)",
				);
				GCC_WARN_64_TO_32_BIT_CONVERSION = YES;
				GCC_WARN_ABOUT_RETURN_TYPE = YES_ERROR;
				GCC_WARN_UNDECLARED_SELECTOR = YES;
				GCC_WARN_UNINITIALIZED_AUTOS = YES_AGGRESSIVE;
				GCC_WARN_UNUSED_FUNCTION = YES;
				GCC_WARN_UNUSED_VARIABLE = YES;
				INFOPLIST_KEY_UILaunchScreen_Generation = NO;
				IPHONEOS_DEPLOYMENT_TARGET = 17.0;
				LOCALIZATION_PREFERS_STRING_CATALOGS = YES;
				MTL_ENABLE_DEBUG_INFO = INCLUDE_SOURCE;
				MTL_FAST_MATH = YES;
				ONLY_ACTIVE_ARCH = YES;
				SDKROOT = iphoneos;
				SWIFT_ACTIVE_COMPILATION_CONDITIONS = "DEBUG $(inherited)";
				SWIFT_OPTIMIZATION_LEVEL = "-Onone";
			};
			name = Debug;
		};
		3AD6F93C2B618FA900923DFC /* Release */ = {
			isa = XCBuildConfiguration;
			buildSettings = {
				ALWAYS_SEARCH_USER_PATHS = NO;
				ASSETCATALOG_COMPILER_GENERATE_SWIFT_ASSET_SYMBOL_EXTENSIONS = YES;
				CLANG_ANALYZER_NONNULL = YES;
				CLANG_ANALYZER_NUMBER_OBJECT_CONVERSION = YES_AGGRESSIVE;
				CLANG_CXX_LANGUAGE_STANDARD = "gnu++20";
				CLANG_ENABLE_MODULES = YES;
				CLANG_ENABLE_OBJC_ARC = YES;
				CLANG_ENABLE_OBJC_WEAK = YES;
				CLANG_WARN_BLOCK_CAPTURE_AUTORELEASING = YES;
				CLANG_WARN_BOOL_CONVERSION = YES;
				CLANG_WARN_COMMA = YES;
				CLANG_WARN_CONSTANT_CONVERSION = YES;
				CLANG_WARN_DEPRECATED_OBJC_IMPLEMENTATIONS = YES;
				CLANG_WARN_DIRECT_OBJC_ISA_USAGE = YES_ERROR;
				CLANG_WARN_DOCUMENTATION_COMMENTS = YES;
				CLANG_WARN_EMPTY_BODY = YES;
				CLANG_WARN_ENUM_CONVERSION = YES;
				CLANG_WARN_INFINITE_RECURSION = YES;
				CLANG_WARN_INT_CONVERSION = YES;
				CLANG_WARN_NON_LITERAL_NULL_CONVERSION = YES;
				CLANG_WARN_OBJC_IMPLICIT_RETAIN_SELF = YES;
				CLANG_WARN_OBJC_LITERAL_CONVERSION = YES;
				CLANG_WARN_OBJC_ROOT_CLASS = YES_ERROR;
				CLANG_WARN_QUOTED_INCLUDE_IN_FRAMEWORK_HEADER = YES;
				CLANG_WARN_RANGE_LOOP_ANALYSIS = YES;
				CLANG_WARN_STRICT_PROTOTYPES = YES;
				CLANG_WARN_SUSPICIOUS_MOVE = YES;
				CLANG_WARN_UNGUARDED_AVAILABILITY = YES_AGGRESSIVE;
				CLANG_WARN_UNREACHABLE_CODE = YES;
				CLANG_WARN__DUPLICATE_METHOD_MATCH = YES;
				COPY_PHASE_STRIP = NO;
				DEBUG_INFORMATION_FORMAT = "dwarf-with-dsym";
				ENABLE_APP_SANDBOX = NO;
				ENABLE_NS_ASSERTIONS = NO;
				ENABLE_STRICT_OBJC_MSGSEND = YES;
				ENABLE_USER_SCRIPT_SANDBOXING = YES;
				ENABLE_USER_SELECTED_FILES = readwrite;
				GCC_C_LANGUAGE_STANDARD = gnu17;
				GCC_NO_COMMON_BLOCKS = YES;
				GCC_WARN_64_TO_32_BIT_CONVERSION = YES;
				GCC_WARN_ABOUT_RETURN_TYPE = YES_ERROR;
				GCC_WARN_UNDECLARED_SELECTOR = YES;
				GCC_WARN_UNINITIALIZED_AUTOS = YES_AGGRESSIVE;
				GCC_WARN_UNUSED_FUNCTION = YES;
				GCC_WARN_UNUSED_VARIABLE = YES;
				INFOPLIST_KEY_UILaunchScreen_Generation = NO;
				IPHONEOS_DEPLOYMENT_TARGET = 17.0;
				LOCALIZATION_PREFERS_STRING_CATALOGS = YES;
				MTL_ENABLE_DEBUG_INFO = NO;
				MTL_FAST_MATH = YES;
				SDKROOT = iphoneos;
				SWIFT_COMPILATION_MODE = wholemodule;
				VALIDATE_PRODUCT = YES;
			};
			name = Release;
		};
		3AD6F93E2B618FA900923DFC /* Debug */ = {
			isa = XCBuildConfiguration;
			buildSettings = {
				ASSETCATALOG_COMPILER_APPICON_NAME = AppIcon;
				ASSETCATALOG_COMPILER_GLOBAL_ACCENT_COLOR_NAME = AccentColor;
				CODE_SIGN_ENTITLEMENTS = myPedometer/myPedometerDebug.entitlements;
				CODE_SIGN_IDENTITY = "Apple Development";
				CODE_SIGN_STYLE = Automatic;
				CURRENT_PROJECT_VERSION = 1;
				DEVELOPMENT_ASSET_PATHS = "\"myPedometer/Preview Content\"";
				DEVELOPMENT_TEAM = BHJSDBBPS7;
				ENABLE_APP_SANDBOX = NO;
				ENABLE_PREVIEWS = YES;
				ENABLE_USER_SELECTED_FILES = readwrite;
				GENERATE_INFOPLIST_FILE = YES;
				INFOPLIST_FILE = myPedometer/Info.plist;
				INFOPLIST_KEY_CFBundleDisplayName = Strider;
				INFOPLIST_KEY_LSApplicationCategoryType = "public.app-category.healthcare-fitness";
				INFOPLIST_KEY_NSHealthClinicalHealthRecordsShareUsageDescription = "\"This app may use Health Kit records to better determine step and calorie data.\"";
				INFOPLIST_KEY_NSHealthShareUsageDescription = "\"This app may use Health Kit records to better determine step and calorie data and share that data to other users during a challenge.\"";
				INFOPLIST_KEY_NSHealthUpdateUsageDescription = "\"This app may update Health Kit records with data gathered from usage with user permission.\"";
				INFOPLIST_KEY_NSMotionUsageDescription = "\"This app requires access to motion usage to provide accurate data and effectively track your steps.\"";
				INFOPLIST_KEY_UIApplicationSceneManifest_Generation = YES;
				INFOPLIST_KEY_UIApplicationSupportsIndirectInputEvents = YES;
				INFOPLIST_KEY_UILaunchStoryboardName = "Launch Screen.storyboard";
				INFOPLIST_KEY_UISupportedInterfaceOrientations = UIInterfaceOrientationPortrait;
				INFOPLIST_KEY_UISupportedInterfaceOrientations_iPad = "UIInterfaceOrientationLandscapeLeft UIInterfaceOrientationLandscapeRight UIInterfaceOrientationPortrait UIInterfaceOrientationPortraitUpsideDown";
				IPHONEOS_DEPLOYMENT_TARGET = 17.0;
				LD_RUNPATH_SEARCH_PATHS = (
					"$(inherited)",
					"@executable_path/Frameworks",
				);
				MARKETING_VERSION = 1.0;
				PRODUCT_BUNDLE_IDENTIFIER = com.samroman.strider;
				PRODUCT_NAME = "$(TARGET_NAME)";
				PROVISIONING_PROFILE_SPECIFIER = "";
				SUPPORTED_PLATFORMS = "iphoneos iphonesimulator";
				SUPPORTS_MACCATALYST = NO;
				SUPPORTS_MAC_DESIGNED_FOR_IPHONE_IPAD = NO;
				SWIFT_EMIT_LOC_STRINGS = YES;
				SWIFT_VERSION = 5.0;
				TARGETED_DEVICE_FAMILY = 1;
			};
			name = Debug;
		};
		3AD6F93F2B618FA900923DFC /* Release */ = {
			isa = XCBuildConfiguration;
			buildSettings = {
				ASSETCATALOG_COMPILER_APPICON_NAME = AppIcon;
				ASSETCATALOG_COMPILER_GLOBAL_ACCENT_COLOR_NAME = AccentColor;
				CODE_SIGN_ENTITLEMENTS = myPedometer/myPedometer.entitlements;
				CODE_SIGN_IDENTITY = "Apple Development";
				CODE_SIGN_STYLE = Automatic;
				CURRENT_PROJECT_VERSION = 1;
				DEVELOPMENT_ASSET_PATHS = "\"myPedometer/Preview Content\"";
				DEVELOPMENT_TEAM = BHJSDBBPS7;
				ENABLE_APP_SANDBOX = NO;
				ENABLE_PREVIEWS = YES;
				ENABLE_USER_SELECTED_FILES = readwrite;
				GENERATE_INFOPLIST_FILE = YES;
				INFOPLIST_FILE = myPedometer/Info.plist;
				INFOPLIST_KEY_CFBundleDisplayName = Strider;
				INFOPLIST_KEY_LSApplicationCategoryType = "public.app-category.healthcare-fitness";
				INFOPLIST_KEY_NSHealthClinicalHealthRecordsShareUsageDescription = "\"This app may use Health Kit records to better determine step and calorie data.\"";
				INFOPLIST_KEY_NSHealthShareUsageDescription = "\"This app may use Health Kit records to better determine step and calorie data and share that data to other users during a challenge.\"";
				INFOPLIST_KEY_NSHealthUpdateUsageDescription = "\"This app may update Health Kit records with data gathered from usage with user permission.\"";
				INFOPLIST_KEY_NSMotionUsageDescription = "\"This app requires access to motion usage to provide accurate data and effectively track your steps.\"";
				INFOPLIST_KEY_UIApplicationSceneManifest_Generation = YES;
				INFOPLIST_KEY_UIApplicationSupportsIndirectInputEvents = YES;
				INFOPLIST_KEY_UILaunchStoryboardName = "Launch Screen.storyboard";
				INFOPLIST_KEY_UISupportedInterfaceOrientations = UIInterfaceOrientationPortrait;
				INFOPLIST_KEY_UISupportedInterfaceOrientations_iPad = "UIInterfaceOrientationLandscapeLeft UIInterfaceOrientationLandscapeRight UIInterfaceOrientationPortrait UIInterfaceOrientationPortraitUpsideDown";
				IPHONEOS_DEPLOYMENT_TARGET = 17.0;
				LD_RUNPATH_SEARCH_PATHS = (
					"$(inherited)",
					"@executable_path/Frameworks",
				);
				MARKETING_VERSION = 1.0;
				PRODUCT_BUNDLE_IDENTIFIER = com.samroman.strider;
				PRODUCT_NAME = "$(TARGET_NAME)";
				PROVISIONING_PROFILE_SPECIFIER = "";
				SUPPORTED_PLATFORMS = "iphoneos iphonesimulator";
				SUPPORTS_MACCATALYST = NO;
				SUPPORTS_MAC_DESIGNED_FOR_IPHONE_IPAD = NO;
				SWIFT_EMIT_LOC_STRINGS = YES;
				SWIFT_VERSION = 5.0;
				TARGETED_DEVICE_FAMILY = 1;
			};
			name = Release;
		};
		3AD6F9412B618FA900923DFC /* Debug */ = {
			isa = XCBuildConfiguration;
			buildSettings = {
				ALWAYS_EMBED_SWIFT_STANDARD_LIBRARIES = YES;
				BUNDLE_LOADER = "$(TEST_HOST)";
				CODE_SIGN_STYLE = Automatic;
				CURRENT_PROJECT_VERSION = 1;
				DEVELOPMENT_TEAM = BHJSDBBPS7;
				GENERATE_INFOPLIST_FILE = YES;
				IPHONEOS_DEPLOYMENT_TARGET = 17.0;
				MARKETING_VERSION = 1.0;
				PRODUCT_BUNDLE_IDENTIFIER = samroman.myPedometerTests;
				PRODUCT_NAME = "$(TARGET_NAME)";
				SWIFT_EMIT_LOC_STRINGS = NO;
				SWIFT_VERSION = 5.0;
				TARGETED_DEVICE_FAMILY = "1,2";
				TEST_HOST = "$(BUILT_PRODUCTS_DIR)/myPedometer.app/$(BUNDLE_EXECUTABLE_FOLDER_PATH)/myPedometer";
			};
			name = Debug;
		};
		3AD6F9422B618FA900923DFC /* Release */ = {
			isa = XCBuildConfiguration;
			buildSettings = {
				ALWAYS_EMBED_SWIFT_STANDARD_LIBRARIES = YES;
				BUNDLE_LOADER = "$(TEST_HOST)";
				CODE_SIGN_STYLE = Automatic;
				CURRENT_PROJECT_VERSION = 1;
				DEVELOPMENT_TEAM = BHJSDBBPS7;
				GENERATE_INFOPLIST_FILE = YES;
				IPHONEOS_DEPLOYMENT_TARGET = 17.0;
				MARKETING_VERSION = 1.0;
				PRODUCT_BUNDLE_IDENTIFIER = samroman.myPedometerTests;
				PRODUCT_NAME = "$(TARGET_NAME)";
				SWIFT_EMIT_LOC_STRINGS = NO;
				SWIFT_VERSION = 5.0;
				TARGETED_DEVICE_FAMILY = "1,2";
				TEST_HOST = "$(BUILT_PRODUCTS_DIR)/myPedometer.app/$(BUNDLE_EXECUTABLE_FOLDER_PATH)/myPedometer";
			};
			name = Release;
		};
		3AD6F9442B618FA900923DFC /* Debug */ = {
			isa = XCBuildConfiguration;
			buildSettings = {
				ALWAYS_EMBED_SWIFT_STANDARD_LIBRARIES = YES;
				CODE_SIGN_STYLE = Automatic;
				CURRENT_PROJECT_VERSION = 1;
				DEVELOPMENT_TEAM = BHJSDBBPS7;
				GENERATE_INFOPLIST_FILE = YES;
				MARKETING_VERSION = 1.0;
				PRODUCT_BUNDLE_IDENTIFIER = samroman.myPedometerUITests;
				PRODUCT_NAME = "$(TARGET_NAME)";
				SWIFT_EMIT_LOC_STRINGS = NO;
				SWIFT_VERSION = 5.0;
				TARGETED_DEVICE_FAMILY = "1,2";
				TEST_TARGET_NAME = myPedometer;
			};
			name = Debug;
		};
		3AD6F9452B618FA900923DFC /* Release */ = {
			isa = XCBuildConfiguration;
			buildSettings = {
				ALWAYS_EMBED_SWIFT_STANDARD_LIBRARIES = YES;
				CODE_SIGN_STYLE = Automatic;
				CURRENT_PROJECT_VERSION = 1;
				DEVELOPMENT_TEAM = BHJSDBBPS7;
				GENERATE_INFOPLIST_FILE = YES;
				MARKETING_VERSION = 1.0;
				PRODUCT_BUNDLE_IDENTIFIER = samroman.myPedometerUITests;
				PRODUCT_NAME = "$(TARGET_NAME)";
				SWIFT_EMIT_LOC_STRINGS = NO;
				SWIFT_VERSION = 5.0;
				TARGETED_DEVICE_FAMILY = "1,2";
				TEST_TARGET_NAME = myPedometer;
			};
			name = Release;
		};
/* End XCBuildConfiguration section */

/* Begin XCConfigurationList section */
		3AD6F9122B618FA700923DFC /* Build configuration list for PBXProject "myPedometer" */ = {
			isa = XCConfigurationList;
			buildConfigurations = (
				3AD6F93B2B618FA900923DFC /* Debug */,
				3AD6F93C2B618FA900923DFC /* Release */,
			);
			defaultConfigurationIsVisible = 0;
			defaultConfigurationName = Release;
		};
		3AD6F93D2B618FA900923DFC /* Build configuration list for PBXNativeTarget "myPedometer" */ = {
			isa = XCConfigurationList;
			buildConfigurations = (
				3AD6F93E2B618FA900923DFC /* Debug */,
				3AD6F93F2B618FA900923DFC /* Release */,
			);
			defaultConfigurationIsVisible = 0;
			defaultConfigurationName = Release;
		};
		3AD6F9402B618FA900923DFC /* Build configuration list for PBXNativeTarget "myPedometerTests" */ = {
			isa = XCConfigurationList;
			buildConfigurations = (
				3AD6F9412B618FA900923DFC /* Debug */,
				3AD6F9422B618FA900923DFC /* Release */,
			);
			defaultConfigurationIsVisible = 0;
			defaultConfigurationName = Release;
		};
		3AD6F9432B618FA900923DFC /* Build configuration list for PBXNativeTarget "myPedometerUITests" */ = {
			isa = XCConfigurationList;
			buildConfigurations = (
				3AD6F9442B618FA900923DFC /* Debug */,
				3AD6F9452B618FA900923DFC /* Release */,
			);
			defaultConfigurationIsVisible = 0;
			defaultConfigurationName = Release;
		};
/* End XCConfigurationList section */

/* Begin XCVersionGroup section */
		3A6569982BB661AB00E609D7 /* StepsModel.xcdatamodeld */ = {
			isa = XCVersionGroup;
			children = (
				3A6569992BB661AB00E609D7 /* StepsModel.xcdatamodel */,
			);
			currentVersion = 3A6569992BB661AB00E609D7 /* StepsModel.xcdatamodel */;
			name = StepsModel.xcdatamodeld;
			path = ../../StepsModel.xcdatamodeld;
			sourceTree = "<group>";
			versionGroupType = wrapper.xcdatamodel;
		};
/* End XCVersionGroup section */
	};
	rootObject = 3AD6F90F2B618FA700923DFC /* Project object */;
}
